// !$*UTF8*$!
{
	archiveVersion = 1;
	classes = {
	};
	objectVersion = 55;
	objects = {

/* Begin PBXBuildFile section */
		03948244AE3806BFABAB81B6 /* DependenciesTestSupport.framework in Frameworks */ = {isa = PBXBuildFile; fileRef = C4214AE45258CF5C8890C801 /* DependenciesTestSupport.framework */; };
		0625521846F83F12E2AA1795 /* TerminalTabManager.swift in Sources */ = {isa = PBXBuildFile; fileRef = CD5FC0F438D8E636B2A72562 /* TerminalTabManager.swift */; };
		064EE6670E64DAB2B00BA7A1 /* GhosttySurfaceViewTests.swift in Sources */ = {isa = PBXBuildFile; fileRef = 3BF5E19BE433EF70D47745B8 /* GhosttySurfaceViewTests.swift */; };
		08730E708EF43988888DD32B /* Dependencies.framework in Frameworks */ = {isa = PBXBuildFile; fileRef = C315D34A45F5F7097CC01703 /* Dependencies.framework */; };
		0C66FDEF5A30B2D4E3A61CFE /* Sparkle.xcframework in Embed Frameworks */ = {isa = PBXBuildFile; fileRef = 8772DDD761423B1699330D43 /* Sparkle.xcframework */; settings = {ATTRIBUTES = (CodeSignOnCopy, RemoveHeadersOnCopy, ); }; };
		0D446CD73C1E339AB1E8DB3F /* EmptyTerminalPaneView.swift in Sources */ = {isa = PBXBuildFile; fileRef = 5B55691A947518C18F5037B5 /* EmptyTerminalPaneView.swift */; };
		0DF25B03DFBD8D653D82DCB0 /* Sparkle.xcframework in Frameworks */ = {isa = PBXBuildFile; fileRef = 8772DDD761423B1699330D43 /* Sparkle.xcframework */; };
		0F9819F1DE61EA1132E8606A /* GhosttySurfaceView.swift in Sources */ = {isa = PBXBuildFile; fileRef = 0EA983ACF0712B9008E1C563 /* GhosttySurfaceView.swift */; };
		0FA25D91B7447A58E01DEE57 /* DependenciesTestSupport.framework in Embed Frameworks */ = {isa = PBXBuildFile; fileRef = C4214AE45258CF5C8890C801 /* DependenciesTestSupport.framework */; settings = {ATTRIBUTES = (CodeSignOnCopy, RemoveHeadersOnCopy, ); }; };
		1345593E64B356EE931519ED /* TerminalTabBarTrailingAccessories.swift in Sources */ = {isa = PBXBuildFile; fileRef = 57E2A60B8BF15FFD17A28F65 /* TerminalTabBarTrailingAccessories.swift */; };
		18F992B2D120F700B5AAD409 /* AppShortcutsTests.swift in Sources */ = {isa = PBXBuildFile; fileRef = 8F914EE7364D91E72ABFAF03 /* AppShortcutsTests.swift */; };
		1CB688B1CD656A8C8A932D52 /* OrderedCollections.framework in Embed Frameworks */ = {isa = PBXBuildFile; fileRef = 51258E680A9B8655157F8974 /* OrderedCollections.framework */; settings = {ATTRIBUTES = (CodeSignOnCopy, RemoveHeadersOnCopy, ); }; };
		1E0C5EA9418A7D81AAF35712 /* IssueReportingTestSupport.framework in Embed Frameworks */ = {isa = PBXBuildFile; fileRef = 8E15BA4DE92D6A40AFB94E92 /* IssueReportingTestSupport.framework */; settings = {ATTRIBUTES = (CodeSignOnCopy, RemoveHeadersOnCopy, ); }; };
		21621E0AE1FEE65A288CA7F0 /* TuistBundle+Supacode.swift in Sources */ = {isa = PBXBuildFile; fileRef = D57AE57800D9F9EAAB54F1DE /* TuistBundle+Supacode.swift */; };
		225AF8606594F1DB6AE31A73 /* CasePaths.framework in Embed Frameworks */ = {isa = PBXBuildFile; fileRef = 573E27FF7D103C4A26F69DAB /* CasePaths.framework */; settings = {ATTRIBUTES = (CodeSignOnCopy, RemoveHeadersOnCopy, ); }; };
		22A779D46D62D660DD4E0352 /* SupaLogger.swift in Sources */ = {isa = PBXBuildFile; fileRef = 4D497D68D7140D2EBECDF557 /* SupaLogger.swift */; };
		23C81D0E90D5A033E5AA4EF4 /* SplitTree.swift in Sources */ = {isa = PBXBuildFile; fileRef = 600FB4B2CCF6C38A4FA92A7A /* SplitTree.swift */; };
		2477CD6C2AEADC08A30BEF49 /* GhosttySurfaceProgressOverlay.swift in Sources */ = {isa = PBXBuildFile; fileRef = 3724DAF4A8BEE154A1249E94 /* GhosttySurfaceProgressOverlay.swift */; };
		26D3E1EED2563721B8F9D6EA /* TerminalTabView.swift in Sources */ = {isa = PBXBuildFile; fileRef = 80E3AE6CFDEBE2CF9773A401 /* TerminalTabView.swift */; };
		29B9154BC38D85272B90BDB3 /* TerminalTabManagerTests.swift in Sources */ = {isa = PBXBuildFile; fileRef = AC903B9384B9A2299E6E5B54 /* TerminalTabManagerTests.swift */; };
		2CE60C85C1AB18D4FD2A3855 /* supacodeApp.swift in Sources */ = {isa = PBXBuildFile; fileRef = EE9F6371098FD8C2BA44187D /* supacodeApp.swift */; };
		2DA5C8F0D4186E9E1E9FF4BE /* GhosttySurfaceProgressBar.swift in Sources */ = {isa = PBXBuildFile; fileRef = 12550A006FF50E448A3F6CF5 /* GhosttySurfaceProgressBar.swift */; };
		2FD5467A90E8B6513946EAC5 /* GhosttySplitAction.swift in Sources */ = {isa = PBXBuildFile; fileRef = E0F811C3901CD8014FB47C04 /* GhosttySplitAction.swift */; };
		3059C98260E8ABB2995C0EF0 /* TerminalTabBarMetrics.swift in Sources */ = {isa = PBXBuildFile; fileRef = 184BF563317F8EE99419903A /* TerminalTabBarMetrics.swift */; };
		31820F6C5D3760699A2E9E74 /* UIKitNavigation.framework in Embed Frameworks */ = {isa = PBXBuildFile; fileRef = 6C48DE47F53E94C74D36FEDC /* UIKitNavigation.framework */; settings = {ATTRIBUTES = (CodeSignOnCopy, RemoveHeadersOnCopy, ); }; };
		3AB3D91B6CCD51FD5A9CD026 /* KeyboardShortcut+Display.swift in Sources */ = {isa = PBXBuildFile; fileRef = 2B7F4A0797E56368B20553D1 /* KeyboardShortcut+Display.swift */; };
		3ED683A5B99F35BBEB8FC60D /* Sharing1.framework in Embed Frameworks */ = {isa = PBXBuildFile; fileRef = 48134611E721B692D084F9D8 /* Sharing1.framework */; settings = {ATTRIBUTES = (CodeSignOnCopy, RemoveHeadersOnCopy, ); }; };
		3F471C137F96845700FA719C /* ComposableArchitecture.framework in Embed Frameworks */ = {isa = PBXBuildFile; fileRef = D591C0B49FEFCE558224EAD1 /* ComposableArchitecture.framework */; settings = {ATTRIBUTES = (CodeSignOnCopy, RemoveHeadersOnCopy, ); }; };
		3F6D4E88EC16F710CF469C85 /* ComposableArchitecture.framework in Frameworks */ = {isa = PBXBuildFile; fileRef = D591C0B49FEFCE558224EAD1 /* ComposableArchitecture.framework */; };
		410346E788D1F9D42CDA3DC9 /* GhosttySurfaceBridge.swift in Sources */ = {isa = PBXBuildFile; fileRef = DE5284658EFD5A4261759430 /* GhosttySurfaceBridge.swift */; };
		412E512C2158030E3D3729A4 /* SplitView.swift in Sources */ = {isa = PBXBuildFile; fileRef = 3F5571F17DA155F3648D7A58 /* SplitView.swift */; };
		41E7626098C6132EC8E0154E /* CombineSchedulers.framework in Embed Frameworks */ = {isa = PBXBuildFile; fileRef = 96D2AC7005E4B7BAFEB1F4C0 /* CombineSchedulers.framework */; settings = {ATTRIBUTES = (CodeSignOnCopy, RemoveHeadersOnCopy, ); }; };
		422B57D27A59606C2B43DA4F /* SentryCppHelper.framework in Frameworks */ = {isa = PBXBuildFile; fileRef = 50A1416BDE23FF913C9FDA85 /* SentryCppHelper.framework */; };
		434EB71495F044BAA3E89BB6 /* TerminalTabBackground.swift in Sources */ = {isa = PBXBuildFile; fileRef = 887A0CE1A9A3D5D1FF959F4E /* TerminalTabBackground.swift */; };
		46E124AEAC0130789BD5BAE9 /* GhosttyKit.xcframework in Frameworks */ = {isa = PBXBuildFile; fileRef = 3DE6D33B99A8384B8A2D7348 /* GhosttyKit.xcframework */; };
		4AF905F5A657D98CE471B99C /* TerminalTabContentStack.swift in Sources */ = {isa = PBXBuildFile; fileRef = B1197C8F57D15015516AE269 /* TerminalTabContentStack.swift */; };
		4B72790F851353754C1C6840 /* TerminalSession.swift in Sources */ = {isa = PBXBuildFile; fileRef = 1F10933319B6CAC5584C709D /* TerminalSession.swift */; };
		4CC90546995E375B79D79AE4 /* ContentView.swift in Sources */ = {isa = PBXBuildFile; fileRef = 04240F80B064995653007C46 /* ContentView.swift */; };
		4D87F18599D5D31069DDAC82 /* TerminalTabContextMenuActions.swift in Sources */ = {isa = PBXBuildFile; fileRef = 422F95255CA3AB1D7916835A /* TerminalTabContextMenuActions.swift */; };
		4E4946B75568DDF0BB3E78C1 /* GhosttySearchNavigatorTests.swift in Sources */ = {isa = PBXBuildFile; fileRef = 1C45CA82B8FB5F03E2934972 /* GhosttySearchNavigatorTests.swift */; };
		4F225A42330C4847D8EDF536 /* TerminalTabBarView.swift in Sources */ = {isa = PBXBuildFile; fileRef = 097C95DA4FD6623A11BBDE6B /* TerminalTabBarView.swift */; };
		51352F574E3AF3D7F5F79781 /* CommandKeyObserverTests.swift in Sources */ = {isa = PBXBuildFile; fileRef = 5EEB40FB5AA36D6CD297AFAA /* CommandKeyObserverTests.swift */; };
		52FEF7C8F667905D76CE3FD2 /* TerminalPressTrackingButtonStyle.swift in Sources */ = {isa = PBXBuildFile; fileRef = 10F727B6DFA4AAF46A32C0DC /* TerminalPressTrackingButtonStyle.swift */; };
		53041F15A9FCA6F5F8997372 /* TerminalTaskStatus.swift in Sources */ = {isa = PBXBuildFile; fileRef = 2FA0203445D92C69A4E75244 /* TerminalTaskStatus.swift */; };
		545C28A38F9CB83E1A0C6CF4 /* TerminalTabContextMenu.swift in Sources */ = {isa = PBXBuildFile; fileRef = 97F8883AB486CAC35D4506C4 /* TerminalTabContextMenu.swift */; };
		56CCF2DC68196834CA9B80A5 /* GhosttyCommand.swift in Sources */ = {isa = PBXBuildFile; fileRef = A8667BB3C33CAAA0AEDCE0A6 /* GhosttyCommand.swift */; };
		5973D42D405995BB7EB3E589 /* Sharing.framework in Embed Frameworks */ = {isa = PBXBuildFile; fileRef = EA25DA7908B9A3CDD9FDF7B9 /* Sharing.framework */; settings = {ATTRIBUTES = (CodeSignOnCopy, RemoveHeadersOnCopy, ); }; };
		5B86CF499C187E14F2D1F244 /* AppFeatureV2Tests.swift in Sources */ = {isa = PBXBuildFile; fileRef = B835C6A9FA97AC03186C0368 /* AppFeatureV2Tests.swift */; };
		60BF1E53E48B9F3BE92C2252 /* TerminalTabCloseButtonBackground.swift in Sources */ = {isa = PBXBuildFile; fileRef = 25B7D625D72A9F1531B76C9F /* TerminalTabCloseButtonBackground.swift */; };
		60E3C32910CF232F8565CF79 /* TerminalTabButtonStyle.swift in Sources */ = {isa = PBXBuildFile; fileRef = 012E25DA3791EF302D4147FD /* TerminalTabButtonStyle.swift */; };
		632BD9A207F78DAA41605AFE /* GhosttyColorSchemeSyncView.swift in Sources */ = {isa = PBXBuildFile; fileRef = 8A3BAD280B75AA2E5E9093E1 /* GhosttyColorSchemeSyncView.swift */; };
		64645F9CB9BD77F005DD29C7 /* GhosttySearchNavigation.swift in Sources */ = {isa = PBXBuildFile; fileRef = D0282DFC03B9C6024A64B160 /* GhosttySearchNavigation.swift */; };
		65A9C67A07C6523342DC77E7 /* Perception.framework in Embed Frameworks */ = {isa = PBXBuildFile; fileRef = 7BDF50799E21C48AAEB9D942 /* Perception.framework */; settings = {ATTRIBUTES = (CodeSignOnCopy, RemoveHeadersOnCopy, ); }; };
		6660114A07AE8019610F30B3 /* Sharing2.framework in Embed Frameworks */ = {isa = PBXBuildFile; fileRef = A6935017F6995A9AFAB2F5C0 /* Sharing2.framework */; settings = {ATTRIBUTES = (CodeSignOnCopy, RemoveHeadersOnCopy, ); }; };
		6A1D9809DCB4122526CC5E5E /* WindowFocusObserverView.swift in Sources */ = {isa = PBXBuildFile; fileRef = 54551DCAFB54759EB8352E71 /* WindowFocusObserverView.swift */; };
		71238A85C8147BD8734A4C3C /* TerminalTabMeasurementView.swift in Sources */ = {isa = PBXBuildFile; fileRef = E6AD64B00F7A7CF37151BDBD /* TerminalTabMeasurementView.swift */; };
		73466196B3F5503AA4EDCEF0 /* GhosttyRuntime.swift in Sources */ = {isa = PBXBuildFile; fileRef = 17979E0D0BB28545EE083E49 /* GhosttyRuntime.swift */; };
		7ACF513B9BC6A59CA8F53D8E /* AnalyticsClient.swift in Sources */ = {isa = PBXBuildFile; fileRef = 1CF5F5543225294D0610C8E5 /* AnalyticsClient.swift */; };
		8099624E97F61CFDB42AAC54 /* TerminalTabBarColors.swift in Sources */ = {isa = PBXBuildFile; fileRef = 59C85209617C4D35F638B1F2 /* TerminalTabBarColors.swift */; };
		8357D2E1AB6FD149FE17ADDB /* TerminalSessionState.swift in Sources */ = {isa = PBXBuildFile; fileRef = 67C2EC57EE8E812C291619CB /* TerminalSessionState.swift */; };
		882BDE4FD0E3BA594DF75B25 /* terminfo in Resources */ = {isa = PBXBuildFile; fileRef = 552CD18F1D5C400523BE2683 /* terminfo */; };
		8914073F1DBF4ED5A4559C5E /* CommandKeyObserver.swift in Sources */ = {isa = PBXBuildFile; fileRef = BC1921A7D86B3C77E128C2CE /* CommandKeyObserver.swift */; };
		8AD30F5BA056948502EC6BC9 /* ShortcutHintView.swift in Sources */ = {isa = PBXBuildFile; fileRef = 12B5796FB35B9436947071EA /* ShortcutHintView.swift */; };
		8F3666226E3E61963C3E987E /* TerminalNotification.swift in Sources */ = {isa = PBXBuildFile; fileRef = 3F3FF7DFE16F1E5304507E9F /* TerminalNotification.swift */; };
		9162610ACD5AA3EBEC3E56FF /* libc++.tbd in Frameworks */ = {isa = PBXBuildFile; fileRef = 16481119BCEF2260EF734E8E /* libc++.tbd */; };
		94E3DD6016054A8D6D870E24 /* Carbon.framework in Frameworks */ = {isa = PBXBuildFile; fileRef = CF31ABCB8A6B5A4CDBE671B8 /* Carbon.framework */; };
		95B08DEF65AAEE427E8E201F /* IdentifiedCollections.framework in Embed Frameworks */ = {isa = PBXBuildFile; fileRef = B67A252271A94EFA42FF9B26 /* IdentifiedCollections.framework */; settings = {ATTRIBUTES = (CodeSignOnCopy, RemoveHeadersOnCopy, ); }; };
		979A4AF2503F1F6E7102FBC6 /* TerminalSessionManagerTests.swift in Sources */ = {isa = PBXBuildFile; fileRef = CD77751DB288900EAF556207 /* TerminalSessionManagerTests.swift */; };
		989A3FAC7F733D6FBEF1F2A3 /* WritableKeyPath+Sendable.swift in Sources */ = {isa = PBXBuildFile; fileRef = 62104C17EBDABA67B56C997E /* WritableKeyPath+Sendable.swift */; };
		99F51C00537003F2A9B9722F /* GhosttySurfaceState.swift in Sources */ = {isa = PBXBuildFile; fileRef = D6D650922CFC8F356CD11E37 /* GhosttySurfaceState.swift */; };
		9A8C20404C8104D1E33862A8 /* SidebarCommands.swift in Sources */ = {isa = PBXBuildFile; fileRef = 60874AA2C45342015C13EE09 /* SidebarCommands.swift */; };
		9BC30CD2A441B3103EA40A39 /* PostHog_PostHog.bundle in Dependencies */ = {isa = PBXBuildFile; fileRef = 7CB4682C24AE5978470ECEBE /* PostHog_PostHog.bundle */; };
		9E0F69A00CD93CA1B15B4783 /* IssueReporting.framework in Embed Frameworks */ = {isa = PBXBuildFile; fileRef = A5853B6534EAB518E60B0CE0 /* IssueReporting.framework */; settings = {ATTRIBUTES = (CodeSignOnCopy, RemoveHeadersOnCopy, ); }; };
		9F85663543774E4D4B46757E /* ConcurrencyExtras.framework in Embed Frameworks */ = {isa = PBXBuildFile; fileRef = 5C1FBD0108FFAE6BE7E76F27 /* ConcurrencyExtras.framework */; settings = {ATTRIBUTES = (CodeSignOnCopy, RemoveHeadersOnCopy, ); }; };
		9FDAAE0DCA0608D70059654C /* GhosttySurfaceSearchOverlay.swift in Sources */ = {isa = PBXBuildFile; fileRef = 01D9FE1C5F17E418C401708B /* GhosttySurfaceSearchOverlay.swift */; };
		AAC7C4E719E3D79B6D267DDA /* TerminalTabsView.swift in Sources */ = {isa = PBXBuildFile; fileRef = 2556BC0C03744DF3D20876FB /* TerminalTabsView.swift */; };
		ADDCCEE399F251B10349A7BE /* AppShortcuts.swift in Sources */ = {isa = PBXBuildFile; fileRef = 1BAF1A2F530E6E1695151E6C /* AppShortcuts.swift */; };
		B50E5CB00F23CBE97E9E7D21 /* Clocks.framework in Embed Frameworks */ = {isa = PBXBuildFile; fileRef = EC1D4E499D6159620EEE86FB /* Clocks.framework */; settings = {ATTRIBUTES = (CodeSignOnCopy, RemoveHeadersOnCopy, ); }; };
		B5ABA5A5A5BC4FCB36D2CFE0 /* V2SidebarView.swift in Sources */ = {isa = PBXBuildFile; fileRef = 149E8616E7DA78B46A1B78BA /* V2SidebarView.swift */; };
		BB744FB6C26A6E801DB1B23C /* CasePaths.framework in Frameworks */ = {isa = PBXBuildFile; fileRef = 573E27FF7D103C4A26F69DAB /* CasePaths.framework */; };
		BB9F95D87B272AA2731546E8 /* IssueReportingPackageSupport.framework in Embed Frameworks */ = {isa = PBXBuildFile; fileRef = 91430BB47F990C02F238CBD5 /* IssueReportingPackageSupport.framework */; settings = {ATTRIBUTES = (CodeSignOnCopy, RemoveHeadersOnCopy, ); }; };
		BCC1E43E2F1E67607DC8B16B /* ghostty in Resources */ = {isa = PBXBuildFile; fileRef = 501B003847300EE027D08BA3 /* ghostty */; };
		BD6AAE76BF0B53A670BFB8B8 /* TerminalSessionView.swift in Sources */ = {isa = PBXBuildFile; fileRef = 80BD14FBF77C60FF4EB66EFA /* TerminalSessionView.swift */; };
		BF91104A9EE1E0B218234381 /* CustomDump.framework in Embed Frameworks */ = {isa = PBXBuildFile; fileRef = 21C75FF37784D93F117B61DA /* CustomDump.framework */; settings = {ATTRIBUTES = (CodeSignOnCopy, RemoveHeadersOnCopy, ); }; };
		C02F6A6DA8A25A5D12F1DE75 /* TerminalTabBarBackground.swift in Sources */ = {isa = PBXBuildFile; fileRef = 3FC15ABC6AE9B3DC3D6198A4 /* TerminalTabBarBackground.swift */; };
		C51E573AA3314212FB2667BA /* TerminalTabID.swift in Sources */ = {isa = PBXBuildFile; fileRef = 2D1E02E6D5F3F0EA56D6F668 /* TerminalTabID.swift */; };
		C5E3F8CFB040316EA77851C2 /* PerceptionCore.framework in Embed Frameworks */ = {isa = PBXBuildFile; fileRef = 1A7C7641E36FE859A2CAC679 /* PerceptionCore.framework */; settings = {ATTRIBUTES = (CodeSignOnCopy, RemoveHeadersOnCopy, ); }; };
		C609B836FA1749179D190449 /* Sentry.xcframework in Frameworks */ = {isa = PBXBuildFile; fileRef = 85B3DFEA5FD2E3BC5A58D904 /* Sentry.xcframework */; };
		C6E9DAE532C28EC4B145F932 /* GhosttyShortcutManager.swift in Sources */ = {isa = PBXBuildFile; fileRef = 2F0A85EFD9FC7C5803B043E4 /* GhosttyShortcutManager.swift */; };
		CC9820FD3B13E5962D126E82 /* Assets.xcassets in Resources */ = {isa = PBXBuildFile; fileRef = 4C8A64F4460AE2DD8B107944 /* Assets.xcassets */; };
		D0DF29D8FCE7A5BD136AF4AA /* PostHog_PostHog.bundle in Resources */ = {isa = PBXBuildFile; fileRef = 7CB4682C24AE5978470ECEBE /* PostHog_PostHog.bundle */; };
		D1B78F398C1AEE0394011295 /* GameController.framework in Frameworks */ = {isa = PBXBuildFile; fileRef = 8E6013D4B848D35129BC4F09 /* GameController.framework */; };
		D24D8D397A77DAA8216B7969 /* TerminalTabCloseButton.swift in Sources */ = {isa = PBXBuildFile; fileRef = 93649350502C38DBE42F28C0 /* TerminalTabCloseButton.swift */; };
		D2D5E3A7D8C4714361EF81B2 /* PostHog.framework in Frameworks */ = {isa = PBXBuildFile; fileRef = DA6A0EC32361D19E19F0186F /* PostHog.framework */; };
		D36E24DF38C0A013424566E8 /* InternalCollectionsUtilities.framework in Embed Frameworks */ = {isa = PBXBuildFile; fileRef = 06D61AD79BD8B02331370B4B /* InternalCollectionsUtilities.framework */; settings = {ATTRIBUTES = (CodeSignOnCopy, RemoveHeadersOnCopy, ); }; };
		D5248655C903A60BE33F4C7C /* TerminalTabsRowView.swift in Sources */ = {isa = PBXBuildFile; fileRef = 86A58F149585A982AED1F315 /* TerminalTabsRowView.swift */; };
		D958F141F8C8F952CAC32BD0 /* GhosttySurfaceBridgeTests.swift in Sources */ = {isa = PBXBuildFile; fileRef = C4EC63F5912A387F47C2B117 /* GhosttySurfaceBridgeTests.swift */; };
		DCC90ADA9D5A47BA7A8D9447 /* V2TerminalDetailView.swift in Sources */ = {isa = PBXBuildFile; fileRef = CED1DC1F92DBA87E580B2FEE /* V2TerminalDetailView.swift */; };
		DDB69C58B07E8CA430435F90 /* TerminalSessionManager.swift in Sources */ = {isa = PBXBuildFile; fileRef = B99A39691356A003EE705F94 /* TerminalSessionManager.swift */; };
		DF5D2F58278B053F449384E1 /* Dependencies.framework in Embed Frameworks */ = {isa = PBXBuildFile; fileRef = C315D34A45F5F7097CC01703 /* Dependencies.framework */; settings = {ATTRIBUTES = (CodeSignOnCopy, RemoveHeadersOnCopy, ); }; };
		E5949544F03E90441618C045 /* UIKitNavigationShim.framework in Embed Frameworks */ = {isa = PBXBuildFile; fileRef = E683BA38B6078D241EB0C408 /* UIKitNavigationShim.framework */; settings = {ATTRIBUTES = (CodeSignOnCopy, RemoveHeadersOnCopy, ); }; };
		E7BA8AC52FF8B40419039336 /* TerminalSplitTreeView.swift in Sources */ = {isa = PBXBuildFile; fileRef = 86EED0D0F02696982CAA95D6 /* TerminalSplitTreeView.swift */; };
		E86492B0823535BB90718095 /* TerminalClient.swift in Sources */ = {isa = PBXBuildFile; fileRef = 8E86CE385B7017B9BE9C65E0 /* TerminalClient.swift */; };
		EA129B255FDE142070482637 /* phlibwebp.framework in Frameworks */ = {isa = PBXBuildFile; fileRef = D5C2D327F232093DF1F8D05E /* phlibwebp.framework */; };
		EBFA06958AA126BA85342FE4 /* TerminalTabLabelView.swift in Sources */ = {isa = PBXBuildFile; fileRef = D2F3170384634AD8466C7CAE /* TerminalTabLabelView.swift */; };
		EC7CDA42C7DA54E96218673A /* AppFeature.swift in Sources */ = {isa = PBXBuildFile; fileRef = 628E23D5EC0FFE952D75DF16 /* AppFeature.swift */; };
		EE14E77B8AA0783BA4058C10 /* SwiftNavigation.framework in Embed Frameworks */ = {isa = PBXBuildFile; fileRef = DDC2DD27D3CB7BE7BE8CBD7A /* SwiftNavigation.framework */; settings = {ATTRIBUTES = (CodeSignOnCopy, RemoveHeadersOnCopy, ); }; };
		F33A1E5B4E019E68F5BCA1A1 /* CasePathsCore.framework in Embed Frameworks */ = {isa = PBXBuildFile; fileRef = 96B4C4FA679AF34C2901CAA8 /* CasePathsCore.framework */; settings = {ATTRIBUTES = (CodeSignOnCopy, RemoveHeadersOnCopy, ); }; };
		F4BC69C55B4E4CA5E1E89F4D /* SecureInput.swift in Sources */ = {isa = PBXBuildFile; fileRef = 77F5AF5D2DC3534DFAF5F870 /* SecureInput.swift */; };
		F5163F1B7851D0CB0AAA1DD9 /* TerminalTabItem.swift in Sources */ = {isa = PBXBuildFile; fileRef = B160B31A5D3958E9BFDABF90 /* TerminalTabItem.swift */; };
		F57FF7388C33B5AA717DE8AD /* TerminalRenderingPolicyTests.swift in Sources */ = {isa = PBXBuildFile; fileRef = 20974EEEAB741F8D889AAFAA /* TerminalRenderingPolicyTests.swift */; };
		F649FA26AC6BE5F98F3144C4 /* TerminalSessionSeed.swift in Sources */ = {isa = PBXBuildFile; fileRef = 2D5215F7E28279B3734ACABF /* TerminalSessionSeed.swift */; };
		F670E599678EBF27E7C89E36 /* XCTestDynamicOverlay.framework in Embed Frameworks */ = {isa = PBXBuildFile; fileRef = 23BFF61537DB0B0935D62612 /* XCTestDynamicOverlay.framework */; settings = {ATTRIBUTES = (CodeSignOnCopy, RemoveHeadersOnCopy, ); }; };
		F75C8FE994D054B2D8169B7E /* TerminalTabDivider.swift in Sources */ = {isa = PBXBuildFile; fileRef = B315DF195392406C7F959449 /* TerminalTabDivider.swift */; };
		FBCCE27DA97EBCDBBB8EF3EF /* SwiftUINavigation.framework in Embed Frameworks */ = {isa = PBXBuildFile; fileRef = 421556D0ED37A8A43977E707 /* SwiftUINavigation.framework */; settings = {ATTRIBUTES = (CodeSignOnCopy, RemoveHeadersOnCopy, ); }; };
		FD5D23F69139F16D1B1CF86B /* TerminalTabsOverflowShadow.swift in Sources */ = {isa = PBXBuildFile; fileRef = 05A8C86214CE99E291BAB034 /* TerminalTabsOverflowShadow.swift */; };
		FF6B51C8729BBF1487C279F2 /* GhosttyTerminalView.swift in Sources */ = {isa = PBXBuildFile; fileRef = 5455BE55D960E43D7564DAFD /* GhosttyTerminalView.swift */; };
/* End PBXBuildFile section */

/* Begin PBXContainerItemProxy section */
		0AE075114CC1FAF2D701DC63 /* PBXContainerItemProxy */ = {
			isa = PBXContainerItemProxy;
			containerPortal = 3F9CB826F77B24988622EC09 /* Project object */;
			proxyType = 1;
			remoteGlobalIDString = 63312B5996D4E7D97C0676D6;
			remoteInfo = supacode;
		};
/* End PBXContainerItemProxy section */

/* Begin PBXCopyFilesBuildPhase section */
		05EE502CB3ED1ACDED327DAC /* Embed Frameworks */ = {
			isa = PBXCopyFilesBuildPhase;
			buildActionMask = 2147483647;
			dstPath = "";
			dstSubfolderSpec = 10;
			files = (
				0FA25D91B7447A58E01DEE57 /* DependenciesTestSupport.framework in Embed Frameworks */,
				1E0C5EA9418A7D81AAF35712 /* IssueReportingTestSupport.framework in Embed Frameworks */,
			);
			name = "Embed Frameworks";
			runOnlyForDeploymentPostprocessing = 0;
		};
		4D400BC136493ECB793CC9B7 /* Embed Frameworks */ = {
			isa = PBXCopyFilesBuildPhase;
			buildActionMask = 2147483647;
			dstPath = "";
			dstSubfolderSpec = 10;
			files = (
				225AF8606594F1DB6AE31A73 /* CasePaths.framework in Embed Frameworks */,
				F33A1E5B4E019E68F5BCA1A1 /* CasePathsCore.framework in Embed Frameworks */,
				B50E5CB00F23CBE97E9E7D21 /* Clocks.framework in Embed Frameworks */,
				41E7626098C6132EC8E0154E /* CombineSchedulers.framework in Embed Frameworks */,
				3F471C137F96845700FA719C /* ComposableArchitecture.framework in Embed Frameworks */,
				9F85663543774E4D4B46757E /* ConcurrencyExtras.framework in Embed Frameworks */,
				BF91104A9EE1E0B218234381 /* CustomDump.framework in Embed Frameworks */,
				DF5D2F58278B053F449384E1 /* Dependencies.framework in Embed Frameworks */,
				95B08DEF65AAEE427E8E201F /* IdentifiedCollections.framework in Embed Frameworks */,
				D36E24DF38C0A013424566E8 /* InternalCollectionsUtilities.framework in Embed Frameworks */,
				9E0F69A00CD93CA1B15B4783 /* IssueReporting.framework in Embed Frameworks */,
				BB9F95D87B272AA2731546E8 /* IssueReportingPackageSupport.framework in Embed Frameworks */,
				1CB688B1CD656A8C8A932D52 /* OrderedCollections.framework in Embed Frameworks */,
				65A9C67A07C6523342DC77E7 /* Perception.framework in Embed Frameworks */,
				C5E3F8CFB040316EA77851C2 /* PerceptionCore.framework in Embed Frameworks */,
				5973D42D405995BB7EB3E589 /* Sharing.framework in Embed Frameworks */,
				3ED683A5B99F35BBEB8FC60D /* Sharing1.framework in Embed Frameworks */,
				6660114A07AE8019610F30B3 /* Sharing2.framework in Embed Frameworks */,
				EE14E77B8AA0783BA4058C10 /* SwiftNavigation.framework in Embed Frameworks */,
				FBCCE27DA97EBCDBBB8EF3EF /* SwiftUINavigation.framework in Embed Frameworks */,
				31820F6C5D3760699A2E9E74 /* UIKitNavigation.framework in Embed Frameworks */,
				E5949544F03E90441618C045 /* UIKitNavigationShim.framework in Embed Frameworks */,
				F670E599678EBF27E7C89E36 /* XCTestDynamicOverlay.framework in Embed Frameworks */,
				0C66FDEF5A30B2D4E3A61CFE /* Sparkle.xcframework in Embed Frameworks */,
			);
			name = "Embed Frameworks";
			runOnlyForDeploymentPostprocessing = 0;
		};
		96C360C424C716BDFDB85C44 /* Dependencies */ = {
			isa = PBXCopyFilesBuildPhase;
			buildActionMask = 8;
			dstSubfolderSpec = 16;
			files = (
				9BC30CD2A441B3103EA40A39 /* PostHog_PostHog.bundle in Dependencies */,
			);
			name = Dependencies;
			runOnlyForDeploymentPostprocessing = 1;
		};
/* End PBXCopyFilesBuildPhase section */

/* Begin PBXFileReference section */
		012E25DA3791EF302D4147FD /* TerminalTabButtonStyle.swift */ = {isa = PBXFileReference; lastKnownFileType = sourcecode.swift; path = TerminalTabButtonStyle.swift; sourceTree = "<group>"; };
		01D9FE1C5F17E418C401708B /* GhosttySurfaceSearchOverlay.swift */ = {isa = PBXFileReference; lastKnownFileType = sourcecode.swift; path = GhosttySurfaceSearchOverlay.swift; sourceTree = "<group>"; };
		04240F80B064995653007C46 /* ContentView.swift */ = {isa = PBXFileReference; lastKnownFileType = sourcecode.swift; path = ContentView.swift; sourceTree = "<group>"; };
		05A8C86214CE99E291BAB034 /* TerminalTabsOverflowShadow.swift */ = {isa = PBXFileReference; lastKnownFileType = sourcecode.swift; path = TerminalTabsOverflowShadow.swift; sourceTree = "<group>"; };
		06D61AD79BD8B02331370B4B /* InternalCollectionsUtilities.framework */ = {isa = PBXFileReference; explicitFileType = wrapper.framework; includeInIndex = 0; path = InternalCollectionsUtilities.framework; sourceTree = BUILT_PRODUCTS_DIR; };
		097C95DA4FD6623A11BBDE6B /* TerminalTabBarView.swift */ = {isa = PBXFileReference; lastKnownFileType = sourcecode.swift; path = TerminalTabBarView.swift; sourceTree = "<group>"; };
		0EA983ACF0712B9008E1C563 /* GhosttySurfaceView.swift */ = {isa = PBXFileReference; lastKnownFileType = sourcecode.swift; path = GhosttySurfaceView.swift; sourceTree = "<group>"; };
		10F727B6DFA4AAF46A32C0DC /* TerminalPressTrackingButtonStyle.swift */ = {isa = PBXFileReference; lastKnownFileType = sourcecode.swift; path = TerminalPressTrackingButtonStyle.swift; sourceTree = "<group>"; };
		12550A006FF50E448A3F6CF5 /* GhosttySurfaceProgressBar.swift */ = {isa = PBXFileReference; lastKnownFileType = sourcecode.swift; path = GhosttySurfaceProgressBar.swift; sourceTree = "<group>"; };
		12B5796FB35B9436947071EA /* ShortcutHintView.swift */ = {isa = PBXFileReference; lastKnownFileType = sourcecode.swift; path = ShortcutHintView.swift; sourceTree = "<group>"; };
		149E8616E7DA78B46A1B78BA /* V2SidebarView.swift */ = {isa = PBXFileReference; lastKnownFileType = sourcecode.swift; path = V2SidebarView.swift; sourceTree = "<group>"; };
		16481119BCEF2260EF734E8E /* libc++.tbd */ = {isa = PBXFileReference; lastKnownFileType = "sourcecode.text-based-dylib-definition"; name = "libc++.tbd"; path = "Platforms/iPhoneOS.platform/Developer/SDKs/iPhoneOS.sdk/usr/lib/libc++.tbd"; sourceTree = DEVELOPER_DIR; };
		17979E0D0BB28545EE083E49 /* GhosttyRuntime.swift */ = {isa = PBXFileReference; lastKnownFileType = sourcecode.swift; path = GhosttyRuntime.swift; sourceTree = "<group>"; };
		184BF563317F8EE99419903A /* TerminalTabBarMetrics.swift */ = {isa = PBXFileReference; lastKnownFileType = sourcecode.swift; path = TerminalTabBarMetrics.swift; sourceTree = "<group>"; };
		1A7C7641E36FE859A2CAC679 /* PerceptionCore.framework */ = {isa = PBXFileReference; explicitFileType = wrapper.framework; includeInIndex = 0; path = PerceptionCore.framework; sourceTree = BUILT_PRODUCTS_DIR; };
		1BAF1A2F530E6E1695151E6C /* AppShortcuts.swift */ = {isa = PBXFileReference; lastKnownFileType = sourcecode.swift; path = AppShortcuts.swift; sourceTree = "<group>"; };
		1C45CA82B8FB5F03E2934972 /* GhosttySearchNavigatorTests.swift */ = {isa = PBXFileReference; lastKnownFileType = sourcecode.swift; path = GhosttySearchNavigatorTests.swift; sourceTree = "<group>"; };
		1CF5F5543225294D0610C8E5 /* AnalyticsClient.swift */ = {isa = PBXFileReference; lastKnownFileType = sourcecode.swift; path = AnalyticsClient.swift; sourceTree = "<group>"; };
		1F10933319B6CAC5584C709D /* TerminalSession.swift */ = {isa = PBXFileReference; lastKnownFileType = sourcecode.swift; path = TerminalSession.swift; sourceTree = "<group>"; };
		20974EEEAB741F8D889AAFAA /* TerminalRenderingPolicyTests.swift */ = {isa = PBXFileReference; lastKnownFileType = sourcecode.swift; path = TerminalRenderingPolicyTests.swift; sourceTree = "<group>"; };
		21C75FF37784D93F117B61DA /* CustomDump.framework */ = {isa = PBXFileReference; explicitFileType = wrapper.framework; includeInIndex = 0; path = CustomDump.framework; sourceTree = BUILT_PRODUCTS_DIR; };
		23BFF61537DB0B0935D62612 /* XCTestDynamicOverlay.framework */ = {isa = PBXFileReference; explicitFileType = wrapper.framework; includeInIndex = 0; path = XCTestDynamicOverlay.framework; sourceTree = BUILT_PRODUCTS_DIR; };
		2556BC0C03744DF3D20876FB /* TerminalTabsView.swift */ = {isa = PBXFileReference; lastKnownFileType = sourcecode.swift; path = TerminalTabsView.swift; sourceTree = "<group>"; };
		25B7D625D72A9F1531B76C9F /* TerminalTabCloseButtonBackground.swift */ = {isa = PBXFileReference; lastKnownFileType = sourcecode.swift; path = TerminalTabCloseButtonBackground.swift; sourceTree = "<group>"; };
		282C0238DB1C246BFD502780 /* supacodeDebug.entitlements */ = {isa = PBXFileReference; lastKnownFileType = text.plist.entitlements; path = supacodeDebug.entitlements; sourceTree = "<group>"; };
		2B7F4A0797E56368B20553D1 /* KeyboardShortcut+Display.swift */ = {isa = PBXFileReference; lastKnownFileType = sourcecode.swift; path = "KeyboardShortcut+Display.swift"; sourceTree = "<group>"; };
		2D1E02E6D5F3F0EA56D6F668 /* TerminalTabID.swift */ = {isa = PBXFileReference; lastKnownFileType = sourcecode.swift; path = TerminalTabID.swift; sourceTree = "<group>"; };
		2D5215F7E28279B3734ACABF /* TerminalSessionSeed.swift */ = {isa = PBXFileReference; lastKnownFileType = sourcecode.swift; path = TerminalSessionSeed.swift; sourceTree = "<group>"; };
		2F0A85EFD9FC7C5803B043E4 /* GhosttyShortcutManager.swift */ = {isa = PBXFileReference; lastKnownFileType = sourcecode.swift; path = GhosttyShortcutManager.swift; sourceTree = "<group>"; };
		2FA0203445D92C69A4E75244 /* TerminalTaskStatus.swift */ = {isa = PBXFileReference; lastKnownFileType = sourcecode.swift; path = TerminalTaskStatus.swift; sourceTree = "<group>"; };
		3724DAF4A8BEE154A1249E94 /* GhosttySurfaceProgressOverlay.swift */ = {isa = PBXFileReference; lastKnownFileType = sourcecode.swift; path = GhosttySurfaceProgressOverlay.swift; sourceTree = "<group>"; };
		3BF5E19BE433EF70D47745B8 /* GhosttySurfaceViewTests.swift */ = {isa = PBXFileReference; lastKnownFileType = sourcecode.swift; path = GhosttySurfaceViewTests.swift; sourceTree = "<group>"; };
		3DE6D33B99A8384B8A2D7348 /* GhosttyKit.xcframework */ = {isa = PBXFileReference; lastKnownFileType = wrapper.xcframework; path = GhosttyKit.xcframework; sourceTree = "<group>"; };
		3F3FF7DFE16F1E5304507E9F /* TerminalNotification.swift */ = {isa = PBXFileReference; lastKnownFileType = sourcecode.swift; path = TerminalNotification.swift; sourceTree = "<group>"; };
		3F5571F17DA155F3648D7A58 /* SplitView.swift */ = {isa = PBXFileReference; lastKnownFileType = sourcecode.swift; path = SplitView.swift; sourceTree = "<group>"; };
		3FC15ABC6AE9B3DC3D6198A4 /* TerminalTabBarBackground.swift */ = {isa = PBXFileReference; lastKnownFileType = sourcecode.swift; path = TerminalTabBarBackground.swift; sourceTree = "<group>"; };
		413A1A55E5AB39E7B408CD6F /* Project.xcconfig */ = {isa = PBXFileReference; lastKnownFileType = text.xcconfig; path = Project.xcconfig; sourceTree = "<group>"; };
		421556D0ED37A8A43977E707 /* SwiftUINavigation.framework */ = {isa = PBXFileReference; explicitFileType = wrapper.framework; includeInIndex = 0; path = SwiftUINavigation.framework; sourceTree = BUILT_PRODUCTS_DIR; };
		422F95255CA3AB1D7916835A /* TerminalTabContextMenuActions.swift */ = {isa = PBXFileReference; lastKnownFileType = sourcecode.swift; path = TerminalTabContextMenuActions.swift; sourceTree = "<group>"; };
		48134611E721B692D084F9D8 /* Sharing1.framework */ = {isa = PBXFileReference; explicitFileType = wrapper.framework; includeInIndex = 0; path = Sharing1.framework; sourceTree = BUILT_PRODUCTS_DIR; };
		4C8A64F4460AE2DD8B107944 /* Assets.xcassets */ = {isa = PBXFileReference; lastKnownFileType = folder.assetcatalog; path = Assets.xcassets; sourceTree = "<group>"; };
		4D497D68D7140D2EBECDF557 /* SupaLogger.swift */ = {isa = PBXFileReference; lastKnownFileType = sourcecode.swift; path = SupaLogger.swift; sourceTree = "<group>"; };
		4EF351131CBC07B8E5878EA0 /* supacodeTests-Info.plist */ = {isa = PBXFileReference; lastKnownFileType = text.plist; path = "supacodeTests-Info.plist"; sourceTree = "<group>"; };
		501B003847300EE027D08BA3 /* ghostty */ = {isa = PBXFileReference; path = ghostty; sourceTree = "<group>"; };
		50A1416BDE23FF913C9FDA85 /* SentryCppHelper.framework */ = {isa = PBXFileReference; explicitFileType = wrapper.framework; includeInIndex = 0; path = SentryCppHelper.framework; sourceTree = BUILT_PRODUCTS_DIR; };
		51258E680A9B8655157F8974 /* OrderedCollections.framework */ = {isa = PBXFileReference; explicitFileType = wrapper.framework; includeInIndex = 0; path = OrderedCollections.framework; sourceTree = BUILT_PRODUCTS_DIR; };
		54551DCAFB54759EB8352E71 /* WindowFocusObserverView.swift */ = {isa = PBXFileReference; lastKnownFileType = sourcecode.swift; path = WindowFocusObserverView.swift; sourceTree = "<group>"; };
		5455BE55D960E43D7564DAFD /* GhosttyTerminalView.swift */ = {isa = PBXFileReference; lastKnownFileType = sourcecode.swift; path = GhosttyTerminalView.swift; sourceTree = "<group>"; };
		552CD18F1D5C400523BE2683 /* terminfo */ = {isa = PBXFileReference; path = terminfo; sourceTree = "<group>"; };
		573E27FF7D103C4A26F69DAB /* CasePaths.framework */ = {isa = PBXFileReference; explicitFileType = wrapper.framework; includeInIndex = 0; path = CasePaths.framework; sourceTree = BUILT_PRODUCTS_DIR; };
		57E2A60B8BF15FFD17A28F65 /* TerminalTabBarTrailingAccessories.swift */ = {isa = PBXFileReference; lastKnownFileType = sourcecode.swift; path = TerminalTabBarTrailingAccessories.swift; sourceTree = "<group>"; };
		59C85209617C4D35F638B1F2 /* TerminalTabBarColors.swift */ = {isa = PBXFileReference; lastKnownFileType = sourcecode.swift; path = TerminalTabBarColors.swift; sourceTree = "<group>"; };
		5B55691A947518C18F5037B5 /* EmptyTerminalPaneView.swift */ = {isa = PBXFileReference; lastKnownFileType = sourcecode.swift; path = EmptyTerminalPaneView.swift; sourceTree = "<group>"; };
		5C1FBD0108FFAE6BE7E76F27 /* ConcurrencyExtras.framework */ = {isa = PBXFileReference; explicitFileType = wrapper.framework; includeInIndex = 0; path = ConcurrencyExtras.framework; sourceTree = BUILT_PRODUCTS_DIR; };
		5EEB40FB5AA36D6CD297AFAA /* CommandKeyObserverTests.swift */ = {isa = PBXFileReference; lastKnownFileType = sourcecode.swift; path = CommandKeyObserverTests.swift; sourceTree = "<group>"; };
		600FB4B2CCF6C38A4FA92A7A /* SplitTree.swift */ = {isa = PBXFileReference; lastKnownFileType = sourcecode.swift; path = SplitTree.swift; sourceTree = "<group>"; };
		60874AA2C45342015C13EE09 /* SidebarCommands.swift */ = {isa = PBXFileReference; lastKnownFileType = sourcecode.swift; path = SidebarCommands.swift; sourceTree = "<group>"; };
		62104C17EBDABA67B56C997E /* WritableKeyPath+Sendable.swift */ = {isa = PBXFileReference; lastKnownFileType = sourcecode.swift; path = "WritableKeyPath+Sendable.swift"; sourceTree = "<group>"; };
		628E23D5EC0FFE952D75DF16 /* AppFeature.swift */ = {isa = PBXFileReference; lastKnownFileType = sourcecode.swift; path = AppFeature.swift; sourceTree = "<group>"; };
		67C2EC57EE8E812C291619CB /* TerminalSessionState.swift */ = {isa = PBXFileReference; lastKnownFileType = sourcecode.swift; path = TerminalSessionState.swift; sourceTree = "<group>"; };
		6C48DE47F53E94C74D36FEDC /* UIKitNavigation.framework */ = {isa = PBXFileReference; explicitFileType = wrapper.framework; includeInIndex = 0; path = UIKitNavigation.framework; sourceTree = BUILT_PRODUCTS_DIR; };
		77F5AF5D2DC3534DFAF5F870 /* SecureInput.swift */ = {isa = PBXFileReference; lastKnownFileType = sourcecode.swift; path = SecureInput.swift; sourceTree = "<group>"; };
		7BDF50799E21C48AAEB9D942 /* Perception.framework */ = {isa = PBXFileReference; explicitFileType = wrapper.framework; includeInIndex = 0; path = Perception.framework; sourceTree = BUILT_PRODUCTS_DIR; };
		7C488D53BDC93A10A1732A6B /* supacodeTests.xctest */ = {isa = PBXFileReference; explicitFileType = wrapper.cfbundle; includeInIndex = 0; path = supacodeTests.xctest; sourceTree = BUILT_PRODUCTS_DIR; };
		7CB4682C24AE5978470ECEBE /* PostHog_PostHog.bundle */ = {isa = PBXFileReference; explicitFileType = wrapper.cfbundle; includeInIndex = 0; path = PostHog_PostHog.bundle; sourceTree = BUILT_PRODUCTS_DIR; };
		80BD14FBF77C60FF4EB66EFA /* TerminalSessionView.swift */ = {isa = PBXFileReference; lastKnownFileType = sourcecode.swift; path = TerminalSessionView.swift; sourceTree = "<group>"; };
		80E3AE6CFDEBE2CF9773A401 /* TerminalTabView.swift */ = {isa = PBXFileReference; lastKnownFileType = sourcecode.swift; path = TerminalTabView.swift; sourceTree = "<group>"; };
		826EA948AD75B61E8DCFC894 /* supacode-Info.plist */ = {isa = PBXFileReference; lastKnownFileType = text.plist; path = "supacode-Info.plist"; sourceTree = "<group>"; };
		85B3DFEA5FD2E3BC5A58D904 /* Sentry.xcframework */ = {isa = PBXFileReference; lastKnownFileType = wrapper.xcframework; path = Sentry.xcframework; sourceTree = "<group>"; };
		86A58F149585A982AED1F315 /* TerminalTabsRowView.swift */ = {isa = PBXFileReference; lastKnownFileType = sourcecode.swift; path = TerminalTabsRowView.swift; sourceTree = "<group>"; };
		86EED0D0F02696982CAA95D6 /* TerminalSplitTreeView.swift */ = {isa = PBXFileReference; lastKnownFileType = sourcecode.swift; path = TerminalSplitTreeView.swift; sourceTree = "<group>"; };
		8772DDD761423B1699330D43 /* Sparkle.xcframework */ = {isa = PBXFileReference; lastKnownFileType = wrapper.xcframework; path = Sparkle.xcframework; sourceTree = "<group>"; };
		887A0CE1A9A3D5D1FF959F4E /* TerminalTabBackground.swift */ = {isa = PBXFileReference; lastKnownFileType = sourcecode.swift; path = TerminalTabBackground.swift; sourceTree = "<group>"; };
		8A3BAD280B75AA2E5E9093E1 /* GhosttyColorSchemeSyncView.swift */ = {isa = PBXFileReference; lastKnownFileType = sourcecode.swift; path = GhosttyColorSchemeSyncView.swift; sourceTree = "<group>"; };
		8E15BA4DE92D6A40AFB94E92 /* IssueReportingTestSupport.framework */ = {isa = PBXFileReference; explicitFileType = wrapper.framework; includeInIndex = 0; path = IssueReportingTestSupport.framework; sourceTree = BUILT_PRODUCTS_DIR; };
		8E6013D4B848D35129BC4F09 /* GameController.framework */ = {isa = PBXFileReference; lastKnownFileType = wrapper.framework; name = GameController.framework; path = Platforms/MacOSX.platform/Developer/SDKs/MacOSX.sdk/System/Library/Frameworks/GameController.framework; sourceTree = DEVELOPER_DIR; };
		8E86CE385B7017B9BE9C65E0 /* TerminalClient.swift */ = {isa = PBXFileReference; lastKnownFileType = sourcecode.swift; path = TerminalClient.swift; sourceTree = "<group>"; };
		8F914EE7364D91E72ABFAF03 /* AppShortcutsTests.swift */ = {isa = PBXFileReference; lastKnownFileType = sourcecode.swift; path = AppShortcutsTests.swift; sourceTree = "<group>"; };
		91430BB47F990C02F238CBD5 /* IssueReportingPackageSupport.framework */ = {isa = PBXFileReference; explicitFileType = wrapper.framework; includeInIndex = 0; path = IssueReportingPackageSupport.framework; sourceTree = BUILT_PRODUCTS_DIR; };
		93649350502C38DBE42F28C0 /* TerminalTabCloseButton.swift */ = {isa = PBXFileReference; lastKnownFileType = sourcecode.swift; path = TerminalTabCloseButton.swift; sourceTree = "<group>"; };
		96B4C4FA679AF34C2901CAA8 /* CasePathsCore.framework */ = {isa = PBXFileReference; explicitFileType = wrapper.framework; includeInIndex = 0; path = CasePathsCore.framework; sourceTree = BUILT_PRODUCTS_DIR; };
		96D2AC7005E4B7BAFEB1F4C0 /* CombineSchedulers.framework */ = {isa = PBXFileReference; explicitFileType = wrapper.framework; includeInIndex = 0; path = CombineSchedulers.framework; sourceTree = BUILT_PRODUCTS_DIR; };
		97F8883AB486CAC35D4506C4 /* TerminalTabContextMenu.swift */ = {isa = PBXFileReference; lastKnownFileType = sourcecode.swift; path = TerminalTabContextMenu.swift; sourceTree = "<group>"; };
		9F96619F76072E53DD84C371 /* supacode.app */ = {isa = PBXFileReference; explicitFileType = wrapper.application; includeInIndex = 0; path = supacode.app; sourceTree = BUILT_PRODUCTS_DIR; };
		A5853B6534EAB518E60B0CE0 /* IssueReporting.framework */ = {isa = PBXFileReference; explicitFileType = wrapper.framework; includeInIndex = 0; path = IssueReporting.framework; sourceTree = BUILT_PRODUCTS_DIR; };
		A6935017F6995A9AFAB2F5C0 /* Sharing2.framework */ = {isa = PBXFileReference; explicitFileType = wrapper.framework; includeInIndex = 0; path = Sharing2.framework; sourceTree = BUILT_PRODUCTS_DIR; };
		A8667BB3C33CAAA0AEDCE0A6 /* GhosttyCommand.swift */ = {isa = PBXFileReference; lastKnownFileType = sourcecode.swift; path = GhosttyCommand.swift; sourceTree = "<group>"; };
		AC903B9384B9A2299E6E5B54 /* TerminalTabManagerTests.swift */ = {isa = PBXFileReference; lastKnownFileType = sourcecode.swift; path = TerminalTabManagerTests.swift; sourceTree = "<group>"; };
		B1197C8F57D15015516AE269 /* TerminalTabContentStack.swift */ = {isa = PBXFileReference; lastKnownFileType = sourcecode.swift; path = TerminalTabContentStack.swift; sourceTree = "<group>"; };
		B160B31A5D3958E9BFDABF90 /* TerminalTabItem.swift */ = {isa = PBXFileReference; lastKnownFileType = sourcecode.swift; path = TerminalTabItem.swift; sourceTree = "<group>"; };
		B315DF195392406C7F959449 /* TerminalTabDivider.swift */ = {isa = PBXFileReference; lastKnownFileType = sourcecode.swift; path = TerminalTabDivider.swift; sourceTree = "<group>"; };
		B67A252271A94EFA42FF9B26 /* IdentifiedCollections.framework */ = {isa = PBXFileReference; explicitFileType = wrapper.framework; includeInIndex = 0; path = IdentifiedCollections.framework; sourceTree = BUILT_PRODUCTS_DIR; };
		B7E32DE4A87B7467B60B02CA /* supacode.entitlements */ = {isa = PBXFileReference; lastKnownFileType = text.plist.entitlements; path = supacode.entitlements; sourceTree = "<group>"; };
		B835C6A9FA97AC03186C0368 /* AppFeatureV2Tests.swift */ = {isa = PBXFileReference; lastKnownFileType = sourcecode.swift; path = AppFeatureV2Tests.swift; sourceTree = "<group>"; };
		B99A39691356A003EE705F94 /* TerminalSessionManager.swift */ = {isa = PBXFileReference; lastKnownFileType = sourcecode.swift; path = TerminalSessionManager.swift; sourceTree = "<group>"; };
		BC1921A7D86B3C77E128C2CE /* CommandKeyObserver.swift */ = {isa = PBXFileReference; lastKnownFileType = sourcecode.swift; path = CommandKeyObserver.swift; sourceTree = "<group>"; };
		C315D34A45F5F7097CC01703 /* Dependencies.framework */ = {isa = PBXFileReference; explicitFileType = wrapper.framework; includeInIndex = 0; path = Dependencies.framework; sourceTree = BUILT_PRODUCTS_DIR; };
		C4214AE45258CF5C8890C801 /* DependenciesTestSupport.framework */ = {isa = PBXFileReference; explicitFileType = wrapper.framework; includeInIndex = 0; path = DependenciesTestSupport.framework; sourceTree = BUILT_PRODUCTS_DIR; };
		C4EC63F5912A387F47C2B117 /* GhosttySurfaceBridgeTests.swift */ = {isa = PBXFileReference; lastKnownFileType = sourcecode.swift; path = GhosttySurfaceBridgeTests.swift; sourceTree = "<group>"; };
		CD5FC0F438D8E636B2A72562 /* TerminalTabManager.swift */ = {isa = PBXFileReference; lastKnownFileType = sourcecode.swift; path = TerminalTabManager.swift; sourceTree = "<group>"; };
		CD77751DB288900EAF556207 /* TerminalSessionManagerTests.swift */ = {isa = PBXFileReference; lastKnownFileType = sourcecode.swift; path = TerminalSessionManagerTests.swift; sourceTree = "<group>"; };
		CED1DC1F92DBA87E580B2FEE /* V2TerminalDetailView.swift */ = {isa = PBXFileReference; lastKnownFileType = sourcecode.swift; path = V2TerminalDetailView.swift; sourceTree = "<group>"; };
		CF31ABCB8A6B5A4CDBE671B8 /* Carbon.framework */ = {isa = PBXFileReference; lastKnownFileType = wrapper.framework; name = Carbon.framework; path = Platforms/MacOSX.platform/Developer/SDKs/MacOSX.sdk/System/Library/Frameworks/Carbon.framework; sourceTree = DEVELOPER_DIR; };
		D0282DFC03B9C6024A64B160 /* GhosttySearchNavigation.swift */ = {isa = PBXFileReference; lastKnownFileType = sourcecode.swift; path = GhosttySearchNavigation.swift; sourceTree = "<group>"; };
		D2F3170384634AD8466C7CAE /* TerminalTabLabelView.swift */ = {isa = PBXFileReference; lastKnownFileType = sourcecode.swift; path = TerminalTabLabelView.swift; sourceTree = "<group>"; };
		D57AE57800D9F9EAAB54F1DE /* TuistBundle+Supacode.swift */ = {isa = PBXFileReference; lastKnownFileType = sourcecode.swift; path = "TuistBundle+Supacode.swift"; sourceTree = "<group>"; };
		D591C0B49FEFCE558224EAD1 /* ComposableArchitecture.framework */ = {isa = PBXFileReference; explicitFileType = wrapper.framework; includeInIndex = 0; path = ComposableArchitecture.framework; sourceTree = BUILT_PRODUCTS_DIR; };
		D5C2D327F232093DF1F8D05E /* phlibwebp.framework */ = {isa = PBXFileReference; explicitFileType = wrapper.framework; includeInIndex = 0; path = phlibwebp.framework; sourceTree = BUILT_PRODUCTS_DIR; };
		D6D650922CFC8F356CD11E37 /* GhosttySurfaceState.swift */ = {isa = PBXFileReference; lastKnownFileType = sourcecode.swift; path = GhosttySurfaceState.swift; sourceTree = "<group>"; };
		DA6A0EC32361D19E19F0186F /* PostHog.framework */ = {isa = PBXFileReference; explicitFileType = wrapper.framework; includeInIndex = 0; path = PostHog.framework; sourceTree = BUILT_PRODUCTS_DIR; };
		DDC2DD27D3CB7BE7BE8CBD7A /* SwiftNavigation.framework */ = {isa = PBXFileReference; explicitFileType = wrapper.framework; includeInIndex = 0; path = SwiftNavigation.framework; sourceTree = BUILT_PRODUCTS_DIR; };
		DE5284658EFD5A4261759430 /* GhosttySurfaceBridge.swift */ = {isa = PBXFileReference; lastKnownFileType = sourcecode.swift; path = GhosttySurfaceBridge.swift; sourceTree = "<group>"; };
		E0F811C3901CD8014FB47C04 /* GhosttySplitAction.swift */ = {isa = PBXFileReference; lastKnownFileType = sourcecode.swift; path = GhosttySplitAction.swift; sourceTree = "<group>"; };
		E683BA38B6078D241EB0C408 /* UIKitNavigationShim.framework */ = {isa = PBXFileReference; explicitFileType = wrapper.framework; includeInIndex = 0; path = UIKitNavigationShim.framework; sourceTree = BUILT_PRODUCTS_DIR; };
		E6AD64B00F7A7CF37151BDBD /* TerminalTabMeasurementView.swift */ = {isa = PBXFileReference; lastKnownFileType = sourcecode.swift; path = TerminalTabMeasurementView.swift; sourceTree = "<group>"; };
		EA25DA7908B9A3CDD9FDF7B9 /* Sharing.framework */ = {isa = PBXFileReference; explicitFileType = wrapper.framework; includeInIndex = 0; path = Sharing.framework; sourceTree = BUILT_PRODUCTS_DIR; };
		EC1D4E499D6159620EEE86FB /* Clocks.framework */ = {isa = PBXFileReference; explicitFileType = wrapper.framework; includeInIndex = 0; path = Clocks.framework; sourceTree = BUILT_PRODUCTS_DIR; };
		EE9F6371098FD8C2BA44187D /* supacodeApp.swift */ = {isa = PBXFileReference; lastKnownFileType = sourcecode.swift; path = supacodeApp.swift; sourceTree = "<group>"; };
/* End PBXFileReference section */

/* Begin PBXFrameworksBuildPhase section */
		92C7992C25D45EC47C01E8E1 /* Frameworks */ = {
			isa = PBXFrameworksBuildPhase;
			buildActionMask = 2147483647;
			files = (
				94E3DD6016054A8D6D870E24 /* Carbon.framework in Frameworks */,
				D1B78F398C1AEE0394011295 /* GameController.framework in Frameworks */,
				9162610ACD5AA3EBEC3E56FF /* libc++.tbd in Frameworks */,
				BB744FB6C26A6E801DB1B23C /* CasePaths.framework in Frameworks */,
				3F6D4E88EC16F710CF469C85 /* ComposableArchitecture.framework in Frameworks */,
				08730E708EF43988888DD32B /* Dependencies.framework in Frameworks */,
				D2D5E3A7D8C4714361EF81B2 /* PostHog.framework in Frameworks */,
				422B57D27A59606C2B43DA4F /* SentryCppHelper.framework in Frameworks */,
				EA129B255FDE142070482637 /* phlibwebp.framework in Frameworks */,
				46E124AEAC0130789BD5BAE9 /* GhosttyKit.xcframework in Frameworks */,
				C609B836FA1749179D190449 /* Sentry.xcframework in Frameworks */,
				0DF25B03DFBD8D653D82DCB0 /* Sparkle.xcframework in Frameworks */,
			);
			runOnlyForDeploymentPostprocessing = 0;
		};
		9D47B8AB2C4858405DAED3A1 /* Frameworks */ = {
			isa = PBXFrameworksBuildPhase;
			buildActionMask = 2147483647;
			files = (
				03948244AE3806BFABAB81B6 /* DependenciesTestSupport.framework in Frameworks */,
			);
			runOnlyForDeploymentPostprocessing = 0;
		};
/* End PBXFrameworksBuildPhase section */

/* Begin PBXGroup section */
		060AD6DF05DACF4D42C26B0D /* Derived */ = {
			isa = PBXGroup;
			children = (
				69851B4AF32C6CDF3FF66E6A /* InfoPlists */,
				20C6EF65CCE76E9B5FD0F800 /* Sources */,
			);
			path = Derived;
			sourceTree = "<group>";
		};
		09AF4CBB3D5CC388DF544A55 /* Configurations */ = {
			isa = PBXGroup;
			children = (
				413A1A55E5AB39E7B408CD6F /* Project.xcconfig */,
			);
			path = Configurations;
			sourceTree = "<group>";
		};
		09D19A5EE10AC959FFF4728A /* Resources */ = {
			isa = PBXGroup;
			children = (
				501B003847300EE027D08BA3 /* ghostty */,
				552CD18F1D5C400523BE2683 /* terminfo */,
			);
			path = Resources;
			sourceTree = "<group>";
		};
		0AD6D10BAA38F415A6929A15 = {
			isa = PBXGroup;
			children = (
				8BE96284565CF2BCF2CE31E1 /* Project */,
				FE7395C6A4D94FEB4E6134F8 /* Products */,
				58EA347CCCEFDC9B43C65F91 /* Frameworks */,
			);
			sourceTree = "<group>";
		};
		13AA6CC24E6F5BFAB6384AC7 /* Terminal */ = {
			isa = PBXGroup;
			children = (
				8E86CE385B7017B9BE9C65E0 /* TerminalClient.swift */,
			);
			path = Terminal;
			sourceTree = "<group>";
		};
		2000830F6FFA436045516603 /* Sentry */ = {
			isa = PBXGroup;
			children = (
				85B3DFEA5FD2E3BC5A58D904 /* Sentry.xcframework */,
			);
			path = Sentry;
			sourceTree = "<group>";
		};
		20C6EF65CCE76E9B5FD0F800 /* Sources */ = {
			isa = PBXGroup;
			children = (
				D57AE57800D9F9EAAB54F1DE /* TuistBundle+Supacode.swift */,
			);
			path = Sources;
			sourceTree = "<group>";
		};
		251431BA468867DBF5F494C9 /* App */ = {
			isa = PBXGroup;
			children = (
				1BAF1A2F530E6E1695151E6C /* AppShortcuts.swift */,
				BC1921A7D86B3C77E128C2CE /* CommandKeyObserver.swift */,
				04240F80B064995653007C46 /* ContentView.swift */,
				8A3BAD280B75AA2E5E9093E1 /* GhosttyColorSchemeSyncView.swift */,
				2B7F4A0797E56368B20553D1 /* KeyboardShortcut+Display.swift */,
				EE9F6371098FD8C2BA44187D /* supacodeApp.swift */,
			);
			path = App;
			sourceTree = "<group>";
		};
		25B01D0EA00F20164D3E3630 /* Support */ = {
			isa = PBXGroup;
			children = (
				12B5796FB35B9436947071EA /* ShortcutHintView.swift */,
				4D497D68D7140D2EBECDF557 /* SupaLogger.swift */,
			);
			path = Support;
			sourceTree = "<group>";
		};
		349EF55124ECB8151C8BE313 /* Commands */ = {
			isa = PBXGroup;
			children = (
				60874AA2C45342015C13EE09 /* SidebarCommands.swift */,
			);
			path = Commands;
			sourceTree = "<group>";
		};
		3BFFED0FE6C5F72F97018090 /* Sparkle */ = {
			isa = PBXGroup;
			children = (
				8772DDD761423B1699330D43 /* Sparkle.xcframework */,
			);
			path = Sparkle;
			sourceTree = "<group>";
		};
		474AD31744DCF7446DF6C39F /* artifacts */ = {
			isa = PBXGroup;
			children = (
				FD70820C53F4D789470DA6C0 /* sentry-cocoa */,
				9FD8DE4081F6C7CBFC32058A /* sparkle */,
			);
			path = artifacts;
			sourceTree = "<group>";
		};
		49E1A7D0F51A9EDC46BA05E9 /* supacodeTests */ = {
			isa = PBXGroup;
			children = (
				B835C6A9FA97AC03186C0368 /* AppFeatureV2Tests.swift */,
				8F914EE7364D91E72ABFAF03 /* AppShortcutsTests.swift */,
				5EEB40FB5AA36D6CD297AFAA /* CommandKeyObserverTests.swift */,
				1C45CA82B8FB5F03E2934972 /* GhosttySearchNavigatorTests.swift */,
				C4EC63F5912A387F47C2B117 /* GhosttySurfaceBridgeTests.swift */,
				3BF5E19BE433EF70D47745B8 /* GhosttySurfaceViewTests.swift */,
				20974EEEAB741F8D889AAFAA /* TerminalRenderingPolicyTests.swift */,
				CD77751DB288900EAF556207 /* TerminalSessionManagerTests.swift */,
				AC903B9384B9A2299E6E5B54 /* TerminalTabManagerTests.swift */,
				62104C17EBDABA67B56C997E /* WritableKeyPath+Sendable.swift */,
			);
			path = supacodeTests;
			sourceTree = "<group>";
		};
		4AC089BB02E5AC9557605BB2 /* Infrastructure */ = {
			isa = PBXGroup;
			children = (
				D0AF5B61C689549E1A7CA04E /* Ghostty */,
			);
			path = Infrastructure;
			sourceTree = "<group>";
		};
		4C5778389B7FAAE5D49A0311 /* App */ = {
			isa = PBXGroup;
			children = (
				7D0B6A8818C70681A0DB5ADE /* Models */,
				8DE54024FC387CD9CC90FDD9 /* Reducer */,
			);
			path = App;
			sourceTree = "<group>";
		};
		58EA347CCCEFDC9B43C65F91 /* Frameworks */ = {
			isa = PBXGroup;
			children = (
				CF31ABCB8A6B5A4CDBE671B8 /* Carbon.framework */,
				8E6013D4B848D35129BC4F09 /* GameController.framework */,
				16481119BCEF2260EF734E8E /* libc++.tbd */,
			);
			name = Frameworks;
			sourceTree = "<group>";
		};
		5F71C53245667F82AD6BE480 /* Views */ = {
			isa = PBXGroup;
			children = (
				149E8616E7DA78B46A1B78BA /* V2SidebarView.swift */,
				CED1DC1F92DBA87E580B2FEE /* V2TerminalDetailView.swift */,
			);
			path = Views;
			sourceTree = "<group>";
		};
		6411666A6F622459B7E39EA6 /* Views */ = {
			isa = PBXGroup;
			children = (
				10F727B6DFA4AAF46A32C0DC /* TerminalPressTrackingButtonStyle.swift */,
				887A0CE1A9A3D5D1FF959F4E /* TerminalTabBackground.swift */,
				3FC15ABC6AE9B3DC3D6198A4 /* TerminalTabBarBackground.swift */,
				57E2A60B8BF15FFD17A28F65 /* TerminalTabBarTrailingAccessories.swift */,
				097C95DA4FD6623A11BBDE6B /* TerminalTabBarView.swift */,
				012E25DA3791EF302D4147FD /* TerminalTabButtonStyle.swift */,
				93649350502C38DBE42F28C0 /* TerminalTabCloseButton.swift */,
				25B7D625D72A9F1531B76C9F /* TerminalTabCloseButtonBackground.swift */,
				B1197C8F57D15015516AE269 /* TerminalTabContentStack.swift */,
				97F8883AB486CAC35D4506C4 /* TerminalTabContextMenu.swift */,
				422F95255CA3AB1D7916835A /* TerminalTabContextMenuActions.swift */,
				B315DF195392406C7F959449 /* TerminalTabDivider.swift */,
				D2F3170384634AD8466C7CAE /* TerminalTabLabelView.swift */,
				E6AD64B00F7A7CF37151BDBD /* TerminalTabMeasurementView.swift */,
				05A8C86214CE99E291BAB034 /* TerminalTabsOverflowShadow.swift */,
				86A58F149585A982AED1F315 /* TerminalTabsRowView.swift */,
				2556BC0C03744DF3D20876FB /* TerminalTabsView.swift */,
				80E3AE6CFDEBE2CF9773A401 /* TerminalTabView.swift */,
			);
			path = Views;
			sourceTree = "<group>";
		};
		69851B4AF32C6CDF3FF66E6A /* InfoPlists */ = {
			isa = PBXGroup;
			children = (
				826EA948AD75B61E8DCFC894 /* supacode-Info.plist */,
				4EF351131CBC07B8E5878EA0 /* supacodeTests-Info.plist */,
			);
			path = InfoPlists;
			sourceTree = "<group>";
		};
		6DF5C6182E04876E108A7A4A /* Clients */ = {
			isa = PBXGroup;
			children = (
				EA24F591A685166276529960 /* Analytics */,
				13AA6CC24E6F5BFAB6384AC7 /* Terminal */,
			);
			path = Clients;
			sourceTree = "<group>";
		};
		70016E20DC0945D897467132 /* Features */ = {
			isa = PBXGroup;
			children = (
				4C5778389B7FAAE5D49A0311 /* App */,
				E6635EB2370F25560EC68B02 /* Terminal */,
				7B34E713940E83971C5402DB /* V2Shell */,
			);
			path = Features;
			sourceTree = "<group>";
		};
		7AF499F9D143EBF587A9B1DC /* TabBar */ = {
			isa = PBXGroup;
			children = (
				6411666A6F622459B7E39EA6 /* Views */,
				59C85209617C4D35F638B1F2 /* TerminalTabBarColors.swift */,
				184BF563317F8EE99419903A /* TerminalTabBarMetrics.swift */,
			);
			path = TabBar;
			sourceTree = "<group>";
		};
		7B34E713940E83971C5402DB /* V2Shell */ = {
			isa = PBXGroup;
			children = (
				5F71C53245667F82AD6BE480 /* Views */,
			);
			path = V2Shell;
			sourceTree = "<group>";
		};
		7D0B6A8818C70681A0DB5ADE /* Models */ = {
			isa = PBXGroup;
			children = (
				2D5215F7E28279B3734ACABF /* TerminalSessionSeed.swift */,
			);
			path = Models;
			sourceTree = "<group>";
		};
		7F946EE9306B6064A3B278BE /* Tuist */ = {
			isa = PBXGroup;
			children = (
				97391AA36F80BAA4C3A0E277 /* .build */,
			);
			path = Tuist;
			sourceTree = "<group>";
		};
		8BE96284565CF2BCF2CE31E1 /* Project */ = {
			isa = PBXGroup;
			children = (
				09AF4CBB3D5CC388DF544A55 /* Configurations */,
				060AD6DF05DACF4D42C26B0D /* Derived */,
				D6420DC4D63EA4050E003BE5 /* Frameworks */,
				09D19A5EE10AC959FFF4728A /* Resources */,
				BC18046087BEB157D84407BD /* supacode */,
				49E1A7D0F51A9EDC46BA05E9 /* supacodeTests */,
				7F946EE9306B6064A3B278BE /* Tuist */,
			);
			name = Project;
			sourceTree = "<group>";
		};
		8DE54024FC387CD9CC90FDD9 /* Reducer */ = {
			isa = PBXGroup;
			children = (
				628E23D5EC0FFE952D75DF16 /* AppFeature.swift */,
			);
			path = Reducer;
			sourceTree = "<group>";
		};
		97391AA36F80BAA4C3A0E277 /* .build */ = {
			isa = PBXGroup;
			children = (
				474AD31744DCF7446DF6C39F /* artifacts */,
			);
			path = .build;
			sourceTree = "<group>";
		};
		9FD8DE4081F6C7CBFC32058A /* sparkle */ = {
			isa = PBXGroup;
			children = (
				3BFFED0FE6C5F72F97018090 /* Sparkle */,
			);
			path = sparkle;
			sourceTree = "<group>";
		};
		A55F330572909013D01F50D2 /* BusinessLogic */ = {
			isa = PBXGroup;
			children = (
				B99A39691356A003EE705F94 /* TerminalSessionManager.swift */,
			);
			path = BusinessLogic;
			sourceTree = "<group>";
		};
		AE0984EE1492E351E5FE1D7A /* Models */ = {
			isa = PBXGroup;
			children = (
				600FB4B2CCF6C38A4FA92A7A /* SplitTree.swift */,
				3F3FF7DFE16F1E5304507E9F /* TerminalNotification.swift */,
				67C2EC57EE8E812C291619CB /* TerminalSessionState.swift */,
				2D1E02E6D5F3F0EA56D6F668 /* TerminalTabID.swift */,
				B160B31A5D3958E9BFDABF90 /* TerminalTabItem.swift */,
				CD5FC0F438D8E636B2A72562 /* TerminalTabManager.swift */,
			);
			path = Models;
			sourceTree = "<group>";
		};
		BC18046087BEB157D84407BD /* supacode */ = {
			isa = PBXGroup;
			children = (
				251431BA468867DBF5F494C9 /* App */,
				6DF5C6182E04876E108A7A4A /* Clients */,
				349EF55124ECB8151C8BE313 /* Commands */,
				BF87804C316CC8FC5A60C1CB /* Domain */,
				70016E20DC0945D897467132 /* Features */,
				4AC089BB02E5AC9557605BB2 /* Infrastructure */,
				25B01D0EA00F20164D3E3630 /* Support */,
				4C8A64F4460AE2DD8B107944 /* Assets.xcassets */,
				B7E32DE4A87B7467B60B02CA /* supacode.entitlements */,
				282C0238DB1C246BFD502780 /* supacodeDebug.entitlements */,
			);
			path = supacode;
			sourceTree = "<group>";
		};
		BF87804C316CC8FC5A60C1CB /* Domain */ = {
			isa = PBXGroup;
			children = (
				1F10933319B6CAC5584C709D /* TerminalSession.swift */,
				2FA0203445D92C69A4E75244 /* TerminalTaskStatus.swift */,
			);
			path = Domain;
			sourceTree = "<group>";
		};
		D0AF5B61C689549E1A7CA04E /* Ghostty */ = {
			isa = PBXGroup;
			children = (
				A8667BB3C33CAAA0AEDCE0A6 /* GhosttyCommand.swift */,
				17979E0D0BB28545EE083E49 /* GhosttyRuntime.swift */,
				D0282DFC03B9C6024A64B160 /* GhosttySearchNavigation.swift */,
				2F0A85EFD9FC7C5803B043E4 /* GhosttyShortcutManager.swift */,
				E0F811C3901CD8014FB47C04 /* GhosttySplitAction.swift */,
				DE5284658EFD5A4261759430 /* GhosttySurfaceBridge.swift */,
				D6D650922CFC8F356CD11E37 /* GhosttySurfaceState.swift */,
				0EA983ACF0712B9008E1C563 /* GhosttySurfaceView.swift */,
				5455BE55D960E43D7564DAFD /* GhosttyTerminalView.swift */,
				77F5AF5D2DC3534DFAF5F870 /* SecureInput.swift */,
			);
			path = Ghostty;
			sourceTree = "<group>";
		};
		D6420DC4D63EA4050E003BE5 /* Frameworks */ = {
			isa = PBXGroup;
			children = (
				3DE6D33B99A8384B8A2D7348 /* GhosttyKit.xcframework */,
			);
			path = Frameworks;
			sourceTree = "<group>";
		};
		DECC9F7EF59A0EC3F57A94E2 /* Views */ = {
			isa = PBXGroup;
			children = (
				5B55691A947518C18F5037B5 /* EmptyTerminalPaneView.swift */,
				12550A006FF50E448A3F6CF5 /* GhosttySurfaceProgressBar.swift */,
				3724DAF4A8BEE154A1249E94 /* GhosttySurfaceProgressOverlay.swift */,
				01D9FE1C5F17E418C401708B /* GhosttySurfaceSearchOverlay.swift */,
				3F5571F17DA155F3648D7A58 /* SplitView.swift */,
				80BD14FBF77C60FF4EB66EFA /* TerminalSessionView.swift */,
				86EED0D0F02696982CAA95D6 /* TerminalSplitTreeView.swift */,
				54551DCAFB54759EB8352E71 /* WindowFocusObserverView.swift */,
			);
			path = Views;
			sourceTree = "<group>";
		};
		E6635EB2370F25560EC68B02 /* Terminal */ = {
			isa = PBXGroup;
			children = (
				A55F330572909013D01F50D2 /* BusinessLogic */,
				AE0984EE1492E351E5FE1D7A /* Models */,
				7AF499F9D143EBF587A9B1DC /* TabBar */,
				DECC9F7EF59A0EC3F57A94E2 /* Views */,
			);
			path = Terminal;
			sourceTree = "<group>";
		};
		EA24F591A685166276529960 /* Analytics */ = {
			isa = PBXGroup;
			children = (
				1CF5F5543225294D0610C8E5 /* AnalyticsClient.swift */,
			);
			path = Analytics;
			sourceTree = "<group>";
		};
		FD70820C53F4D789470DA6C0 /* sentry-cocoa */ = {
			isa = PBXGroup;
			children = (
				2000830F6FFA436045516603 /* Sentry */,
			);
			path = "sentry-cocoa";
			sourceTree = "<group>";
		};
		FE7395C6A4D94FEB4E6134F8 /* Products */ = {
			isa = PBXGroup;
			children = (
				573E27FF7D103C4A26F69DAB /* CasePaths.framework */,
				96B4C4FA679AF34C2901CAA8 /* CasePathsCore.framework */,
				EC1D4E499D6159620EEE86FB /* Clocks.framework */,
				96D2AC7005E4B7BAFEB1F4C0 /* CombineSchedulers.framework */,
				D591C0B49FEFCE558224EAD1 /* ComposableArchitecture.framework */,
				5C1FBD0108FFAE6BE7E76F27 /* ConcurrencyExtras.framework */,
				21C75FF37784D93F117B61DA /* CustomDump.framework */,
				C315D34A45F5F7097CC01703 /* Dependencies.framework */,
				C4214AE45258CF5C8890C801 /* DependenciesTestSupport.framework */,
				B67A252271A94EFA42FF9B26 /* IdentifiedCollections.framework */,
				06D61AD79BD8B02331370B4B /* InternalCollectionsUtilities.framework */,
				A5853B6534EAB518E60B0CE0 /* IssueReporting.framework */,
				91430BB47F990C02F238CBD5 /* IssueReportingPackageSupport.framework */,
				8E15BA4DE92D6A40AFB94E92 /* IssueReportingTestSupport.framework */,
				51258E680A9B8655157F8974 /* OrderedCollections.framework */,
				7BDF50799E21C48AAEB9D942 /* Perception.framework */,
				1A7C7641E36FE859A2CAC679 /* PerceptionCore.framework */,
				D5C2D327F232093DF1F8D05E /* phlibwebp.framework */,
				7CB4682C24AE5978470ECEBE /* PostHog_PostHog.bundle */,
				DA6A0EC32361D19E19F0186F /* PostHog.framework */,
				50A1416BDE23FF913C9FDA85 /* SentryCppHelper.framework */,
				EA25DA7908B9A3CDD9FDF7B9 /* Sharing.framework */,
				48134611E721B692D084F9D8 /* Sharing1.framework */,
				A6935017F6995A9AFAB2F5C0 /* Sharing2.framework */,
				9F96619F76072E53DD84C371 /* supacode.app */,
				7C488D53BDC93A10A1732A6B /* supacodeTests.xctest */,
				DDC2DD27D3CB7BE7BE8CBD7A /* SwiftNavigation.framework */,
				421556D0ED37A8A43977E707 /* SwiftUINavigation.framework */,
				6C48DE47F53E94C74D36FEDC /* UIKitNavigation.framework */,
				E683BA38B6078D241EB0C408 /* UIKitNavigationShim.framework */,
				23BFF61537DB0B0935D62612 /* XCTestDynamicOverlay.framework */,
			);
			name = Products;
			sourceTree = "<group>";
		};
/* End PBXGroup section */

/* Begin PBXNativeTarget section */
		63312B5996D4E7D97C0676D6 /* supacode */ = {
			isa = PBXNativeTarget;
			buildConfigurationList = CD052FED65E168EE2EFAE518 /* Build configuration list for PBXNativeTarget "supacode" */;
			buildPhases = (
				B3AB3A0B5295303E79D67341 /* Sources */,
				3CCA1EF842528164341BAE9E /* Resources */,
				4D400BC136493ECB793CC9B7 /* Embed Frameworks */,
				92C7992C25D45EC47C01E8E1 /* Frameworks */,
				96C360C424C716BDFDB85C44 /* Dependencies */,
			);
			buildRules = (
			);
			dependencies = (
			);
			name = supacode;
			packageProductDependencies = (
			);
			productName = supacode;
			productReference = 9F96619F76072E53DD84C371 /* supacode.app */;
			productType = "com.apple.product-type.application";
		};
		6E4C46CE37CEDAE353FDB9DC /* supacodeTests */ = {
			isa = PBXNativeTarget;
			buildConfigurationList = 85BBD31370A0E0630B6FFAB0 /* Build configuration list for PBXNativeTarget "supacodeTests" */;
			buildPhases = (
				D79ECA5D78ADE0F48D51174B /* Sources */,
				4F431A194307221AC64A1A33 /* Resources */,
				05EE502CB3ED1ACDED327DAC /* Embed Frameworks */,
				9D47B8AB2C4858405DAED3A1 /* Frameworks */,
			);
			buildRules = (
			);
			dependencies = (
				D0DAF7BCDFFD491D8AE49035 /* PBXTargetDependency */,
			);
			name = supacodeTests;
			packageProductDependencies = (
			);
			productName = supacodeTests;
			productReference = 7C488D53BDC93A10A1732A6B /* supacodeTests.xctest */;
			productType = "com.apple.product-type.bundle.unit-test";
		};
/* End PBXNativeTarget section */

/* Begin PBXProject section */
		3F9CB826F77B24988622EC09 /* Project object */ = {
			isa = PBXProject;
			attributes = {
				BuildIndependentTargetsInParallel = YES;
				TargetAttributes = {
					6E4C46CE37CEDAE353FDB9DC = {
						TestTargetID = 63312B5996D4E7D97C0676D6;
					};
				};
			};
			buildConfigurationList = 1C1C956745E511CF3D0E283B /* Build configuration list for PBXProject "supacode" */;
			compatibilityVersion = "Xcode 14.0";
			developmentRegion = en;
			hasScannedForEncodings = 0;
			knownRegions = (
				Base,
				en,
			);
			mainGroup = 0AD6D10BAA38F415A6929A15;
			productRefGroup = FE7395C6A4D94FEB4E6134F8 /* Products */;
			projectDirPath = "";
			projectRoot = "";
			targets = (
				63312B5996D4E7D97C0676D6 /* supacode */,
				6E4C46CE37CEDAE353FDB9DC /* supacodeTests */,
			);
		};
/* End PBXProject section */

/* Begin PBXResourcesBuildPhase section */
		3CCA1EF842528164341BAE9E /* Resources */ = {
			isa = PBXResourcesBuildPhase;
			buildActionMask = 2147483647;
			files = (
				BCC1E43E2F1E67607DC8B16B /* ghostty in Resources */,
				882BDE4FD0E3BA594DF75B25 /* terminfo in Resources */,
				CC9820FD3B13E5962D126E82 /* Assets.xcassets in Resources */,
				D0DF29D8FCE7A5BD136AF4AA /* PostHog_PostHog.bundle in Resources */,
			);
			runOnlyForDeploymentPostprocessing = 0;
		};
		4F431A194307221AC64A1A33 /* Resources */ = {
			isa = PBXResourcesBuildPhase;
			buildActionMask = 2147483647;
			files = (
			);
			runOnlyForDeploymentPostprocessing = 0;
		};
/* End PBXResourcesBuildPhase section */

/* Begin PBXSourcesBuildPhase section */
		B3AB3A0B5295303E79D67341 /* Sources */ = {
			isa = PBXSourcesBuildPhase;
			buildActionMask = 2147483647;
			files = (
				21621E0AE1FEE65A288CA7F0 /* TuistBundle+Supacode.swift in Sources */,
				ADDCCEE399F251B10349A7BE /* AppShortcuts.swift in Sources */,
				8914073F1DBF4ED5A4559C5E /* CommandKeyObserver.swift in Sources */,
				4CC90546995E375B79D79AE4 /* ContentView.swift in Sources */,
				632BD9A207F78DAA41605AFE /* GhosttyColorSchemeSyncView.swift in Sources */,
				3AB3D91B6CCD51FD5A9CD026 /* KeyboardShortcut+Display.swift in Sources */,
				2CE60C85C1AB18D4FD2A3855 /* supacodeApp.swift in Sources */,
				7ACF513B9BC6A59CA8F53D8E /* AnalyticsClient.swift in Sources */,
				E86492B0823535BB90718095 /* TerminalClient.swift in Sources */,
				9A8C20404C8104D1E33862A8 /* SidebarCommands.swift in Sources */,
				4B72790F851353754C1C6840 /* TerminalSession.swift in Sources */,
				53041F15A9FCA6F5F8997372 /* TerminalTaskStatus.swift in Sources */,
				F649FA26AC6BE5F98F3144C4 /* TerminalSessionSeed.swift in Sources */,
				EC7CDA42C7DA54E96218673A /* AppFeature.swift in Sources */,
				DDB69C58B07E8CA430435F90 /* TerminalSessionManager.swift in Sources */,
				23C81D0E90D5A033E5AA4EF4 /* SplitTree.swift in Sources */,
				8F3666226E3E61963C3E987E /* TerminalNotification.swift in Sources */,
				8357D2E1AB6FD149FE17ADDB /* TerminalSessionState.swift in Sources */,
				C51E573AA3314212FB2667BA /* TerminalTabID.swift in Sources */,
				F5163F1B7851D0CB0AAA1DD9 /* TerminalTabItem.swift in Sources */,
				0625521846F83F12E2AA1795 /* TerminalTabManager.swift in Sources */,
				8099624E97F61CFDB42AAC54 /* TerminalTabBarColors.swift in Sources */,
				3059C98260E8ABB2995C0EF0 /* TerminalTabBarMetrics.swift in Sources */,
				52FEF7C8F667905D76CE3FD2 /* TerminalPressTrackingButtonStyle.swift in Sources */,
				434EB71495F044BAA3E89BB6 /* TerminalTabBackground.swift in Sources */,
				C02F6A6DA8A25A5D12F1DE75 /* TerminalTabBarBackground.swift in Sources */,
				1345593E64B356EE931519ED /* TerminalTabBarTrailingAccessories.swift in Sources */,
				4F225A42330C4847D8EDF536 /* TerminalTabBarView.swift in Sources */,
				60E3C32910CF232F8565CF79 /* TerminalTabButtonStyle.swift in Sources */,
				D24D8D397A77DAA8216B7969 /* TerminalTabCloseButton.swift in Sources */,
				60BF1E53E48B9F3BE92C2252 /* TerminalTabCloseButtonBackground.swift in Sources */,
				4AF905F5A657D98CE471B99C /* TerminalTabContentStack.swift in Sources */,
				545C28A38F9CB83E1A0C6CF4 /* TerminalTabContextMenu.swift in Sources */,
				4D87F18599D5D31069DDAC82 /* TerminalTabContextMenuActions.swift in Sources */,
				F75C8FE994D054B2D8169B7E /* TerminalTabDivider.swift in Sources */,
				EBFA06958AA126BA85342FE4 /* TerminalTabLabelView.swift in Sources */,
				71238A85C8147BD8734A4C3C /* TerminalTabMeasurementView.swift in Sources */,
				26D3E1EED2563721B8F9D6EA /* TerminalTabView.swift in Sources */,
				FD5D23F69139F16D1B1CF86B /* TerminalTabsOverflowShadow.swift in Sources */,
				D5248655C903A60BE33F4C7C /* TerminalTabsRowView.swift in Sources */,
				AAC7C4E719E3D79B6D267DDA /* TerminalTabsView.swift in Sources */,
				0D446CD73C1E339AB1E8DB3F /* EmptyTerminalPaneView.swift in Sources */,
				2DA5C8F0D4186E9E1E9FF4BE /* GhosttySurfaceProgressBar.swift in Sources */,
				2477CD6C2AEADC08A30BEF49 /* GhosttySurfaceProgressOverlay.swift in Sources */,
				9FDAAE0DCA0608D70059654C /* GhosttySurfaceSearchOverlay.swift in Sources */,
				412E512C2158030E3D3729A4 /* SplitView.swift in Sources */,
				BD6AAE76BF0B53A670BFB8B8 /* TerminalSessionView.swift in Sources */,
				E7BA8AC52FF8B40419039336 /* TerminalSplitTreeView.swift in Sources */,
				6A1D9809DCB4122526CC5E5E /* WindowFocusObserverView.swift in Sources */,
				B5ABA5A5A5BC4FCB36D2CFE0 /* V2SidebarView.swift in Sources */,
				DCC90ADA9D5A47BA7A8D9447 /* V2TerminalDetailView.swift in Sources */,
				56CCF2DC68196834CA9B80A5 /* GhosttyCommand.swift in Sources */,
				73466196B3F5503AA4EDCEF0 /* GhosttyRuntime.swift in Sources */,
				64645F9CB9BD77F005DD29C7 /* GhosttySearchNavigation.swift in Sources */,
				C6E9DAE532C28EC4B145F932 /* GhosttyShortcutManager.swift in Sources */,
				2FD5467A90E8B6513946EAC5 /* GhosttySplitAction.swift in Sources */,
				410346E788D1F9D42CDA3DC9 /* GhosttySurfaceBridge.swift in Sources */,
				99F51C00537003F2A9B9722F /* GhosttySurfaceState.swift in Sources */,
				0F9819F1DE61EA1132E8606A /* GhosttySurfaceView.swift in Sources */,
				FF6B51C8729BBF1487C279F2 /* GhosttyTerminalView.swift in Sources */,
				F4BC69C55B4E4CA5E1E89F4D /* SecureInput.swift in Sources */,
				8AD30F5BA056948502EC6BC9 /* ShortcutHintView.swift in Sources */,
				22A779D46D62D660DD4E0352 /* SupaLogger.swift in Sources */,
			);
			runOnlyForDeploymentPostprocessing = 0;
		};
		D79ECA5D78ADE0F48D51174B /* Sources */ = {
			isa = PBXSourcesBuildPhase;
			buildActionMask = 2147483647;
			files = (
				5B86CF499C187E14F2D1F244 /* AppFeatureV2Tests.swift in Sources */,
				18F992B2D120F700B5AAD409 /* AppShortcutsTests.swift in Sources */,
				51352F574E3AF3D7F5F79781 /* CommandKeyObserverTests.swift in Sources */,
				4E4946B75568DDF0BB3E78C1 /* GhosttySearchNavigatorTests.swift in Sources */,
				D958F141F8C8F952CAC32BD0 /* GhosttySurfaceBridgeTests.swift in Sources */,
				064EE6670E64DAB2B00BA7A1 /* GhosttySurfaceViewTests.swift in Sources */,
				F57FF7388C33B5AA717DE8AD /* TerminalRenderingPolicyTests.swift in Sources */,
				979A4AF2503F1F6E7102FBC6 /* TerminalSessionManagerTests.swift in Sources */,
				29B9154BC38D85272B90BDB3 /* TerminalTabManagerTests.swift in Sources */,
				989A3FAC7F733D6FBEF1F2A3 /* WritableKeyPath+Sendable.swift in Sources */,
			);
			runOnlyForDeploymentPostprocessing = 0;
		};
/* End PBXSourcesBuildPhase section */

/* Begin PBXTargetDependency section */
		D0DAF7BCDFFD491D8AE49035 /* PBXTargetDependency */ = {
			isa = PBXTargetDependency;
			name = supacode;
			target = 63312B5996D4E7D97C0676D6 /* supacode */;
			targetProxy = 0AE075114CC1FAF2D701DC63 /* PBXContainerItemProxy */;
		};
/* End PBXTargetDependency section */

/* Begin XCBuildConfiguration section */
		1977A618D26FE1162E094A46 /* Debug */ = {
			isa = XCBuildConfiguration;
			buildSettings = {
				BUNDLE_LOADER = "$(TEST_HOST)";
				CODE_SIGN_IDENTITY = "-";
				HEADER_SEARCH_PATHS = (
					"$(inherited)",
					"$(inherited)",
					"$(SRCROOT)/Tuist/.build/checkouts/posthog-ios/vendor/libwebp",
					"$(SRCROOT)/Tuist/.build/checkouts/swift-navigation/Sources/UIKitNavigationShim/include",
					"$(SRCROOT)/Tuist/.build/checkouts/swift-syntax/Sources/_SwiftSyntaxCShims/include",
				);
				INFOPLIST_FILE = "Derived/InfoPlists/supacodeTests-Info.plist";
				LD_RUNPATH_SEARCH_PATHS = (
					"$(inherited)",
					"@executable_path/../Frameworks",
					"@loader_path/../Frameworks",
				);
				MACOSX_DEPLOYMENT_TARGET = 26.1;
				OTHER_CFLAGS = (
					"$(inherited)",
					"-fmodule-map-file=$(SRCROOT)/Tuist/.build/checkouts/swift-syntax/Sources/_SwiftSyntaxCShims/include/module.modulemap",
					"-fmodule-map-file=$(SRCROOT)/Tuist/.build/tuist-derived/UIKitNavigationShim/UIKitNavigationShim.modulemap",
					"-fmodule-map-file=$(SRCROOT)/Tuist/.build/tuist-derived/phlibwebp/phlibwebp.modulemap",
				);
				OTHER_SWIFT_FLAGS = (
					"$(inherited)",
					"-Xcc",
					"-fmodule-map-file=$(SRCROOT)/Tuist/.build/checkouts/swift-syntax/Sources/_SwiftSyntaxCShims/include/module.modulemap",
					"-Xcc",
					"-fmodule-map-file=$(SRCROOT)/Tuist/.build/tuist-derived/UIKitNavigationShim/UIKitNavigationShim.modulemap",
					"-Xcc",
					"-fmodule-map-file=$(SRCROOT)/Tuist/.build/tuist-derived/phlibwebp/phlibwebp.modulemap",
					"-load-plugin-executable",
					"$BUILD_DIR/Debug$EFFECTIVE_PLATFORM_NAME/CasePathsMacros#CasePathsMacros",
					"-load-plugin-executable",
					"$BUILD_DIR/Debug$EFFECTIVE_PLATFORM_NAME/ComposableArchitectureMacros#ComposableArchitectureMacros",
					"-load-plugin-executable",
					"$BUILD_DIR/Debug$EFFECTIVE_PLATFORM_NAME/DependenciesMacrosPlugin#DependenciesMacrosPlugin",
					"-load-plugin-executable",
					"$BUILD_DIR/Debug$EFFECTIVE_PLATFORM_NAME/PerceptionMacros#PerceptionMacros",
				);
				PRODUCT_BUNDLE_IDENTIFIER = app.supabit.supacodeTests;
				PRODUCT_NAME = supacodeTests;
				SDKROOT = macosx;
				SWIFT_ACTIVE_COMPILATION_CONDITIONS = (
					"$(inherited)",
					DEBUG,
				);
				SWIFT_OPTIMIZATION_LEVEL = "-Onone";
				TEST_HOST = "$(BUILT_PRODUCTS_DIR)/supacode.app/$(BUNDLE_EXECUTABLE_FOLDER_PATH)/supacode";
				TEST_TARGET_NAME = supacode;
			};
			name = Debug;
		};
		6271388EB3F388ACD2685A4D /* Debug */ = {
			isa = XCBuildConfiguration;
			baseConfigurationReference = 413A1A55E5AB39E7B408CD6F /* Project.xcconfig */;
			buildSettings = {
				ALWAYS_SEARCH_USER_PATHS = NO;
				CLANG_ANALYZER_NONNULL = YES;
				CLANG_ANALYZER_NUMBER_OBJECT_CONVERSION = YES_AGGRESSIVE;
				CLANG_CXX_LANGUAGE_STANDARD = "gnu++14";
				CLANG_CXX_LIBRARY = "libc++";
				CLANG_ENABLE_MODULES = YES;
				CLANG_ENABLE_OBJC_ARC = YES;
				CLANG_ENABLE_OBJC_WEAK = YES;
				CODE_SIGN_STYLE = Automatic;
				COPY_PHASE_STRIP = NO;
				DEBUG_INFORMATION_FORMAT = dwarf;
				ENABLE_STRICT_OBJC_MSGSEND = YES;
				ENABLE_TESTABILITY = YES;
				ENABLE_USER_SCRIPT_SANDBOXING = YES;
				GCC_C_LANGUAGE_STANDARD = gnu11;
				GCC_DYNAMIC_NO_PIC = NO;
				GCC_NO_COMMON_BLOCKS = YES;
				GCC_OPTIMIZATION_LEVEL = 0;
				GCC_PREPROCESSOR_DEFINITIONS = (
					"DEBUG=1",
					"$(inherited)",
				);
				MTL_ENABLE_DEBUG_INFO = YES;
				ONLY_ACTIVE_ARCH = YES;
				PRODUCT_NAME = "$(TARGET_NAME)";
				SWIFT_APPROACHABLE_CONCURRENCY = YES;
				SWIFT_DEFAULT_ACTOR_ISOLATION = MainActor;
				SWIFT_UPCOMING_FEATURE_MEMBER_IMPORT_VISIBILITY = YES;
				SWIFT_VERSION = 6.0;
			};
			name = Debug;
		};
		855BEE411344BE760B3637A5 /* Release */ = {
			isa = XCBuildConfiguration;
			buildSettings = {
				ASSETCATALOG_COMPILER_APPICON_NAME = AppIcon;
				CODE_SIGN_ENTITLEMENTS = supacode/supacode.entitlements;
				CODE_SIGN_IDENTITY = "-";
				COMBINE_HIDPI_IMAGES = YES;
				FRAMEWORK_SEARCH_PATHS = (
					"$(inherited)",
					"$(SRCROOT)/Frameworks",
					"$(SRCROOT)/Tuist/.build/artifacts/sentry-cocoa/Sentry",
					"$(SRCROOT)/Tuist/.build/artifacts/sparkle/Sparkle",
				);
				HEADER_SEARCH_PATHS = (
					"$(inherited)",
					"$(inherited)",
					"$(SRCROOT)/Tuist/.build/checkouts/posthog-ios/vendor/libwebp",
					"$(SRCROOT)/Tuist/.build/checkouts/swift-navigation/Sources/UIKitNavigationShim/include",
					"$(SRCROOT)/Tuist/.build/checkouts/swift-syntax/Sources/_SwiftSyntaxCShims/include",
				);
				INFOPLIST_FILE = "Derived/InfoPlists/supacode-Info.plist";
				LD_RUNPATH_SEARCH_PATHS = (
					"$(inherited) @executable_path/../Frameworks",
					"@executable_path/../Frameworks",
				);
				MACOSX_DEPLOYMENT_TARGET = 26.0;
				OTHER_CFLAGS = (
					"$(inherited)",
					"-fmodule-map-file=$(SRCROOT)/Tuist/.build/checkouts/swift-syntax/Sources/_SwiftSyntaxCShims/include/module.modulemap",
					"-fmodule-map-file=$(SRCROOT)/Tuist/.build/tuist-derived/UIKitNavigationShim/UIKitNavigationShim.modulemap",
					"-fmodule-map-file=$(SRCROOT)/Tuist/.build/tuist-derived/phlibwebp/phlibwebp.modulemap",
				);
				OTHER_LDFLAGS = "$(inherited) -ObjC";
				OTHER_SWIFT_FLAGS = (
					"$(inherited)",
					"-Xcc",
					"-fmodule-map-file=$(SRCROOT)/Tuist/.build/checkouts/swift-syntax/Sources/_SwiftSyntaxCShims/include/module.modulemap",
					"-Xcc",
					"-fmodule-map-file=$(SRCROOT)/Tuist/.build/tuist-derived/UIKitNavigationShim/UIKitNavigationShim.modulemap",
					"-Xcc",
					"-fmodule-map-file=$(SRCROOT)/Tuist/.build/tuist-derived/phlibwebp/phlibwebp.modulemap",
					"-load-plugin-executable",
					"$BUILD_DIR/Debug$EFFECTIVE_PLATFORM_NAME/CasePathsMacros#CasePathsMacros",
					"-load-plugin-executable",
					"$BUILD_DIR/Debug$EFFECTIVE_PLATFORM_NAME/ComposableArchitectureMacros#ComposableArchitectureMacros",
					"-load-plugin-executable",
					"$BUILD_DIR/Debug$EFFECTIVE_PLATFORM_NAME/DependenciesMacrosPlugin#DependenciesMacrosPlugin",
					"-load-plugin-executable",
					"$BUILD_DIR/Debug$EFFECTIVE_PLATFORM_NAME/PerceptionMacros#PerceptionMacros",
				);
				PRODUCT_BUNDLE_IDENTIFIER = app.supabit.supacode;
				PRODUCT_NAME = supacode;
				SDKROOT = macosx;
				SWIFT_OPTIMIZATION_LEVEL = "-Owholemodule";
			};
			name = Release;
		};
		A75D5C06087A0B9B7B237E94 /* Release */ = {
			isa = XCBuildConfiguration;
			baseConfigurationReference = 413A1A55E5AB39E7B408CD6F /* Project.xcconfig */;
			buildSettings = {
				ALWAYS_SEARCH_USER_PATHS = NO;
				CLANG_ANALYZER_NONNULL = YES;
				CLANG_ANALYZER_NUMBER_OBJECT_CONVERSION = YES_AGGRESSIVE;
				CLANG_CXX_LANGUAGE_STANDARD = "gnu++14";
				CLANG_CXX_LIBRARY = "libc++";
				CLANG_ENABLE_MODULES = YES;
				CLANG_ENABLE_OBJC_ARC = YES;
				CLANG_ENABLE_OBJC_WEAK = YES;
				CODE_SIGN_STYLE = Automatic;
				COPY_PHASE_STRIP = NO;
				DEBUG_INFORMATION_FORMAT = "dwarf-with-dsym";
				ENABLE_NS_ASSERTIONS = NO;
				ENABLE_STRICT_OBJC_MSGSEND = YES;
				ENABLE_USER_SCRIPT_SANDBOXING = YES;
				GCC_C_LANGUAGE_STANDARD = gnu11;
				GCC_NO_COMMON_BLOCKS = YES;
				MTL_ENABLE_DEBUG_INFO = NO;
				PRODUCT_NAME = "$(TARGET_NAME)";
				SWIFT_APPROACHABLE_CONCURRENCY = YES;
				SWIFT_DEFAULT_ACTOR_ISOLATION = MainActor;
				SWIFT_UPCOMING_FEATURE_MEMBER_IMPORT_VISIBILITY = YES;
				SWIFT_VERSION = 6.0;
				VALIDATE_PRODUCT = YES;
			};
			name = Release;
		};
		C02F254647BB6E9C975EA41C /* Release */ = {
			isa = XCBuildConfiguration;
			buildSettings = {
				BUNDLE_LOADER = "$(TEST_HOST)";
				CODE_SIGN_IDENTITY = "-";
				HEADER_SEARCH_PATHS = (
					"$(inherited)",
					"$(inherited)",
					"$(SRCROOT)/Tuist/.build/checkouts/posthog-ios/vendor/libwebp",
					"$(SRCROOT)/Tuist/.build/checkouts/swift-navigation/Sources/UIKitNavigationShim/include",
					"$(SRCROOT)/Tuist/.build/checkouts/swift-syntax/Sources/_SwiftSyntaxCShims/include",
				);
				INFOPLIST_FILE = "Derived/InfoPlists/supacodeTests-Info.plist";
				LD_RUNPATH_SEARCH_PATHS = (
					"$(inherited)",
					"@executable_path/../Frameworks",
					"@loader_path/../Frameworks",
				);
				MACOSX_DEPLOYMENT_TARGET = 26.1;
				OTHER_CFLAGS = (
					"$(inherited)",
					"-fmodule-map-file=$(SRCROOT)/Tuist/.build/checkouts/swift-syntax/Sources/_SwiftSyntaxCShims/include/module.modulemap",
					"-fmodule-map-file=$(SRCROOT)/Tuist/.build/tuist-derived/UIKitNavigationShim/UIKitNavigationShim.modulemap",
					"-fmodule-map-file=$(SRCROOT)/Tuist/.build/tuist-derived/phlibwebp/phlibwebp.modulemap",
				);
				OTHER_SWIFT_FLAGS = (
					"$(inherited)",
					"-Xcc",
					"-fmodule-map-file=$(SRCROOT)/Tuist/.build/checkouts/swift-syntax/Sources/_SwiftSyntaxCShims/include/module.modulemap",
					"-Xcc",
					"-fmodule-map-file=$(SRCROOT)/Tuist/.build/tuist-derived/UIKitNavigationShim/UIKitNavigationShim.modulemap",
					"-Xcc",
					"-fmodule-map-file=$(SRCROOT)/Tuist/.build/tuist-derived/phlibwebp/phlibwebp.modulemap",
					"-load-plugin-executable",
					"$BUILD_DIR/Debug$EFFECTIVE_PLATFORM_NAME/CasePathsMacros#CasePathsMacros",
					"-load-plugin-executable",
					"$BUILD_DIR/Debug$EFFECTIVE_PLATFORM_NAME/ComposableArchitectureMacros#ComposableArchitectureMacros",
					"-load-plugin-executable",
					"$BUILD_DIR/Debug$EFFECTIVE_PLATFORM_NAME/DependenciesMacrosPlugin#DependenciesMacrosPlugin",
					"-load-plugin-executable",
					"$BUILD_DIR/Debug$EFFECTIVE_PLATFORM_NAME/PerceptionMacros#PerceptionMacros",
				);
				PRODUCT_BUNDLE_IDENTIFIER = app.supabit.supacodeTests;
				PRODUCT_NAME = supacodeTests;
				SDKROOT = macosx;
				SWIFT_OPTIMIZATION_LEVEL = "-Owholemodule";
				TEST_HOST = "$(BUILT_PRODUCTS_DIR)/supacode.app/$(BUNDLE_EXECUTABLE_FOLDER_PATH)/supacode";
				TEST_TARGET_NAME = supacode;
			};
			name = Release;
		};
		D08150F25C6E2154E792994B /* Debug */ = {
			isa = XCBuildConfiguration;
			buildSettings = {
				ASSETCATALOG_COMPILER_APPICON_NAME = AppIcon;
				CODE_SIGN_ENTITLEMENTS = supacode/supacodeDebug.entitlements;
				CODE_SIGN_IDENTITY = "-";
				COMBINE_HIDPI_IMAGES = YES;
				FRAMEWORK_SEARCH_PATHS = (
					"$(inherited)",
					"$(SRCROOT)/Frameworks",
					"$(SRCROOT)/Tuist/.build/artifacts/sentry-cocoa/Sentry",
					"$(SRCROOT)/Tuist/.build/artifacts/sparkle/Sparkle",
				);
				HEADER_SEARCH_PATHS = (
					"$(inherited)",
					"$(inherited)",
					"$(SRCROOT)/Tuist/.build/checkouts/posthog-ios/vendor/libwebp",
					"$(SRCROOT)/Tuist/.build/checkouts/swift-navigation/Sources/UIKitNavigationShim/include",
					"$(SRCROOT)/Tuist/.build/checkouts/swift-syntax/Sources/_SwiftSyntaxCShims/include",
				);
				INFOPLIST_FILE = "Derived/InfoPlists/supacode-Info.plist";
				LD_RUNPATH_SEARCH_PATHS = (
					"$(inherited) @executable_path/../Frameworks",
					"@executable_path/../Frameworks",
				);
				MACOSX_DEPLOYMENT_TARGET = 26.0;
				OTHER_CFLAGS = (
					"$(inherited)",
					"-fmodule-map-file=$(SRCROOT)/Tuist/.build/checkouts/swift-syntax/Sources/_SwiftSyntaxCShims/include/module.modulemap",
					"-fmodule-map-file=$(SRCROOT)/Tuist/.build/tuist-derived/UIKitNavigationShim/UIKitNavigationShim.modulemap",
					"-fmodule-map-file=$(SRCROOT)/Tuist/.build/tuist-derived/phlibwebp/phlibwebp.modulemap",
				);
				OTHER_LDFLAGS = "$(inherited) -ObjC";
				OTHER_SWIFT_FLAGS = (
					"$(inherited)",
					"-Xcc",
					"-fmodule-map-file=$(SRCROOT)/Tuist/.build/checkouts/swift-syntax/Sources/_SwiftSyntaxCShims/include/module.modulemap",
					"-Xcc",
					"-fmodule-map-file=$(SRCROOT)/Tuist/.build/tuist-derived/UIKitNavigationShim/UIKitNavigationShim.modulemap",
					"-Xcc",
					"-fmodule-map-file=$(SRCROOT)/Tuist/.build/tuist-derived/phlibwebp/phlibwebp.modulemap",
					"-load-plugin-executable",
					"$BUILD_DIR/Debug$EFFECTIVE_PLATFORM_NAME/CasePathsMacros#CasePathsMacros",
					"-load-plugin-executable",
					"$BUILD_DIR/Debug$EFFECTIVE_PLATFORM_NAME/ComposableArchitectureMacros#ComposableArchitectureMacros",
					"-load-plugin-executable",
					"$BUILD_DIR/Debug$EFFECTIVE_PLATFORM_NAME/DependenciesMacrosPlugin#DependenciesMacrosPlugin",
					"-load-plugin-executable",
					"$BUILD_DIR/Debug$EFFECTIVE_PLATFORM_NAME/PerceptionMacros#PerceptionMacros",
				);
				PRODUCT_BUNDLE_IDENTIFIER = app.supabit.supacode;
				PRODUCT_NAME = supacode;
				SDKROOT = macosx;
				SWIFT_ACTIVE_COMPILATION_CONDITIONS = (
					"$(inherited)",
					DEBUG,
				);
				SWIFT_OPTIMIZATION_LEVEL = "-Onone";
			};
			name = Debug;
		};
/* End XCBuildConfiguration section */

/* Begin XCConfigurationList section */
		1C1C956745E511CF3D0E283B /* Build configuration list for PBXProject "supacode" */ = {
			isa = XCConfigurationList;
			buildConfigurations = (
				6271388EB3F388ACD2685A4D /* Debug */,
				A75D5C06087A0B9B7B237E94 /* Release */,
			);
			defaultConfigurationIsVisible = 0;
			defaultConfigurationName = Release;
		};
		85BBD31370A0E0630B6FFAB0 /* Build configuration list for PBXNativeTarget "supacodeTests" */ = {
			isa = XCConfigurationList;
			buildConfigurations = (
				1977A618D26FE1162E094A46 /* Debug */,
				C02F254647BB6E9C975EA41C /* Release */,
			);
			defaultConfigurationIsVisible = 0;
			defaultConfigurationName = Release;
		};
		CD052FED65E168EE2EFAE518 /* Build configuration list for PBXNativeTarget "supacode" */ = {
			isa = XCConfigurationList;
			buildConfigurations = (
				D08150F25C6E2154E792994B /* Debug */,
				855BEE411344BE760B3637A5 /* Release */,
			);
			defaultConfigurationIsVisible = 0;
			defaultConfigurationName = Release;
		};
/* End XCConfigurationList section */
	};
	rootObject = 3F9CB826F77B24988622EC09 /* Project object */;
}
